// !$*UTF8*$!
{
	archiveVersion = 1;
	classes = {
	};
	objectVersion = 46;
	objects = {

/* Begin PBXBuildFile section */
		C701C3CF14BBD87000DD9C0C /* Accelerate.framework in Frameworks */ = {isa = PBXBuildFile; fileRef = C744E42714B8A26D00078FBB /* Accelerate.framework */; };
		C70E8A6014D46AD4000DAF2F /* Scripts in Resources */ = {isa = PBXBuildFile; fileRef = C70E8A5F14D46ACD000DAF2F /* Scripts */; };
		C729B47214F554F100CDEEE4 /* TAppDelegate.m in Sources */ = {isa = PBXBuildFile; fileRef = C7906D6F14F554CE0070AA7E /* TAppDelegate.m */; };
		C729B47314F555FA00CDEEE4 /* main.m in Sources */ = {isa = PBXBuildFile; fileRef = C7E2EF2D14B78D4C0000884E /* main.m */; };
		C72A6AEA150634D400A8DAA3 /* Particles.m in Sources */ = {isa = PBXBuildFile; fileRef = C72A6AE9150634D400A8DAA3 /* Particles.m */; };
		C72A6AED150643B400A8DAA3 /* Texture.h in Headers */ = {isa = PBXBuildFile; fileRef = C72A6AEB150643B400A8DAA3 /* Texture.h */; settings = {ATTRIBUTES = (Public, ); }; };
		C72A6AEE150643B400A8DAA3 /* Texture.m in Sources */ = {isa = PBXBuildFile; fileRef = C72A6AEC150643B400A8DAA3 /* Texture.m */; };
		C72A6AF21506785E00A8DAA3 /* Logger.m in Sources */ = {isa = PBXBuildFile; fileRef = C72A6AF01506678000A8DAA3 /* Logger.m */; };
		C72A6AF31506786C00A8DAA3 /* Logger.h in Headers */ = {isa = PBXBuildFile; fileRef = C72A6AEF1506678000A8DAA3 /* Logger.h */; settings = {ATTRIBUTES = (Public, ); }; };
		C744E3A014B8337D00078FBB /* Scripts in Resources */ = {isa = PBXBuildFile; fileRef = C744E39F14B8337D00078FBB /* Scripts */; };
		C744E3C914B8464E00078FBB /* Cocoa.framework in Frameworks */ = {isa = PBXBuildFile; fileRef = C7E2EF2114B78D4C0000884E /* Cocoa.framework */; };
		C744E3CF14B8464E00078FBB /* InfoPlist.strings in Resources */ = {isa = PBXBuildFile; fileRef = C744E3CD14B8464E00078FBB /* InfoPlist.strings */; };
		C744E3D914B8467200078FBB /* TranquilGraphicsPlugin.m in Sources */ = {isa = PBXBuildFile; fileRef = C744E3D814B8467200078FBB /* TranquilGraphicsPlugin.m */; };
		C744E3EA14B84CB400078FBB /* Cocoa.framework in Frameworks */ = {isa = PBXBuildFile; fileRef = C7E2EF2114B78D4C0000884E /* Cocoa.framework */; };
		C744E3F014B84CB400078FBB /* InfoPlist.strings in Resources */ = {isa = PBXBuildFile; fileRef = C744E3EE14B84CB400078FBB /* InfoPlist.strings */; };
		C744E3F714B84CCD00078FBB /* TranquilAudioPlugin.m in Sources */ = {isa = PBXBuildFile; fileRef = C744E3F614B84CCD00078FBB /* TranquilAudioPlugin.m */; };
		C744E3FD14B84ECD00078FBB /* AudioProcessor.m in Sources */ = {isa = PBXBuildFile; fileRef = C744E3FC14B84ECD00078FBB /* AudioProcessor.m */; };
		C744E3FF14B8502500078FBB /* CoreAudio.framework in Frameworks */ = {isa = PBXBuildFile; fileRef = C744E3FE14B8502500078FBB /* CoreAudio.framework */; };
		C744E40114B851CC00078FBB /* AudioUnit.framework in Frameworks */ = {isa = PBXBuildFile; fileRef = C744E40014B851CB00078FBB /* AudioUnit.framework */; };
		C744E42414B8903500078FBB /* libportaudio.a in Frameworks */ = {isa = PBXBuildFile; fileRef = C744E42314B8903500078FBB /* libportaudio.a */; };
		C744E42614B8905A00078FBB /* AudioToolbox.framework in Frameworks */ = {isa = PBXBuildFile; fileRef = C744E42514B8905A00078FBB /* AudioToolbox.framework */; };
		C744E42A14B8A49200078FBB /* Accelerate.framework in Frameworks */ = {isa = PBXBuildFile; fileRef = C744E42714B8A26D00078FBB /* Accelerate.framework */; };
		C7520852150103C6008400C4 /* Cocoa.framework in Frameworks */ = {isa = PBXBuildFile; fileRef = C7E2EF2114B78D4C0000884E /* Cocoa.framework */; };
		C752086515010408008400C4 /* MIDIClock.m in Sources */ = {isa = PBXBuildFile; fileRef = C752085F15010408008400C4 /* MIDIClock.m */; };
		C752086615010408008400C4 /* InfoPlist.strings in Resources */ = {isa = PBXBuildFile; fileRef = C752086115010408008400C4 /* InfoPlist.strings */; };
		C752086A15010423008400C4 /* TranquilCore.framework in Frameworks */ = {isa = PBXBuildFile; fileRef = C79EF1C014F530DF00570FB6 /* TranquilCore.framework */; };
		C752086D1501043D008400C4 /* TranquilMIDI.bundle in Copy Plugins */ = {isa = PBXBuildFile; fileRef = C7520851150103C6008400C4 /* TranquilMIDI.bundle */; };
		C752088215010754008400C4 /* CoreMIDI.framework in Frameworks */ = {isa = PBXBuildFile; fileRef = C752088115010754008400C4 /* CoreMIDI.framework */; };
		C752088315010769008400C4 /* AudioToolbox.framework in Frameworks */ = {isa = PBXBuildFile; fileRef = C744E42514B8905A00078FBB /* AudioToolbox.framework */; };
		C752088515010A09008400C4 /* Scripts in Resources */ = {isa = PBXBuildFile; fileRef = C752088415010A09008400C4 /* Scripts */; };
		C752088915010A60008400C4 /* TranquilMIDI.bridgesupport in Resources */ = {isa = PBXBuildFile; fileRef = C752088815010A60008400C4 /* TranquilMIDI.bridgesupport */; };
		C752088C15010AD0008400C4 /* TranquilMIDIPlugin.m in Sources */ = {isa = PBXBuildFile; fileRef = C752088B15010AD0008400C4 /* TranquilMIDIPlugin.m */; };
		C75208A21501F8CA008400C4 /* GLMath.framework in Copy Frameworks */ = {isa = PBXBuildFile; fileRef = C7622B1F14D0866E0093DDD0 /* GLMath.framework */; };
		C75208A51501F8E0008400C4 /* GLMath.framework in Frameworks */ = {isa = PBXBuildFile; fileRef = C7622B1F14D0866E0093DDD0 /* GLMath.framework */; };
		C760C50414B7AFA600451951 /* OpenGL.framework in Frameworks */ = {isa = PBXBuildFile; fileRef = C760C4F514B7AE1700451951 /* OpenGL.framework */; };
		C7622B2114D087AA0093DDD0 /* GLMath.framework in Frameworks */ = {isa = PBXBuildFile; fileRef = C7622B1F14D0866E0093DDD0 /* GLMath.framework */; };
		C7622B2214D087CD0093DDD0 /* GLMath.framework in Frameworks */ = {isa = PBXBuildFile; fileRef = C7622B1F14D0866E0093DDD0 /* GLMath.framework */; };
		C7622B2714D087E40093DDD0 /* GLMath.framework in Frameworks */ = {isa = PBXBuildFile; fileRef = C7622B1F14D0866E0093DDD0 /* GLMath.framework */; };
		C7622B3414D0AFA00093DDD0 /* MacRuby.framework in Frameworks */ = {isa = PBXBuildFile; fileRef = C7622B3314D0AFA00093DDD0 /* MacRuby.framework */; };
		C76B70B614D40C59004E6CCE /* Scripts in Resources */ = {isa = PBXBuildFile; fileRef = C76B70B514D409FA004E6CCE /* Scripts */; };
		C773FEB014BC0EA3003338FE /* PolyPrimitive.m in Sources */ = {isa = PBXBuildFile; fileRef = C773FEAF14BC0EA3003338FE /* PolyPrimitive.m */; };
		C773FEB114BC11A9003338FE /* OpenGL.framework in Frameworks */ = {isa = PBXBuildFile; fileRef = C760C4F514B7AE1700451951 /* OpenGL.framework */; };
		C773FEB414BC122D003338FE /* Cube.m in Sources */ = {isa = PBXBuildFile; fileRef = C773FEB314BC122D003338FE /* Cube.m */; };
		C773FEC314BC39C7003338FE /* Shaders in Resources */ = {isa = PBXBuildFile; fileRef = C773FEBE14BC397A003338FE /* Shaders */; };
		C773FED414BD50B8003338FE /* Accelerate.framework in Frameworks */ = {isa = PBXBuildFile; fileRef = C744E42714B8A26D00078FBB /* Accelerate.framework */; };
		C773FED714BD7C18003338FE /* Sphere.m in Sources */ = {isa = PBXBuildFile; fileRef = C773FED614BD7C18003338FE /* Sphere.m */; };
		C773FF0814BFE5D8003338FE /* Plane.m in Sources */ = {isa = PBXBuildFile; fileRef = C773FF0714BFE5D8003338FE /* Plane.m */; };
		C79EF1B814F5277000570FB6 /* TranquilGraphics.bundle in Copy Plugins */ = {isa = PBXBuildFile; fileRef = C744E3C814B8464E00078FBB /* TranquilGraphics.bundle */; };
		C79EF1C114F530E000570FB6 /* Cocoa.framework in Frameworks */ = {isa = PBXBuildFile; fileRef = C7E2EF2114B78D4C0000884E /* Cocoa.framework */; };
		C79EF1C714F530E000570FB6 /* InfoPlist.strings in Resources */ = {isa = PBXBuildFile; fileRef = C79EF1C514F530E000570FB6 /* InfoPlist.strings */; };
		C79EF1CF14F5319A00570FB6 /* ScriptContext.m in Sources */ = {isa = PBXBuildFile; fileRef = C74B3A9814B7E280006741C4 /* ScriptContext.m */; };
		C79EF1D014F5319C00570FB6 /* Scene.m in Sources */ = {isa = PBXBuildFile; fileRef = C744E3A214B834EF00078FBB /* Scene.m */; };
		C79EF1D114F5319E00570FB6 /* State.m in Sources */ = {isa = PBXBuildFile; fileRef = C773FEB914BC21D2003338FE /* State.m */; };
		C79EF1D214F531A100570FB6 /* Shader.m in Sources */ = {isa = PBXBuildFile; fileRef = C773FEB614BC1F00003338FE /* Shader.m */; };
		C79EF1D314F531A300570FB6 /* Light.m in Sources */ = {isa = PBXBuildFile; fileRef = C773FEBC14BC27D7003338FE /* Light.m */; };
		C79EF1D414F531A500570FB6 /* Camera.m in Sources */ = {isa = PBXBuildFile; fileRef = C773FED914BE7316003338FE /* Camera.m */; };
		C79EF1D514F531AE00570FB6 /* GLMathWrapper.m in Sources */ = {isa = PBXBuildFile; fileRef = C7622B8F14D1CE460093DDD0 /* GLMathWrapper.m */; };
		C79EF1D614F531CB00570FB6 /* ScriptContext.h in Headers */ = {isa = PBXBuildFile; fileRef = C74B3A9714B7E280006741C4 /* ScriptContext.h */; settings = {ATTRIBUTES = (Public, ); }; };
		C79EF1D714F531CB00570FB6 /* Scene.h in Headers */ = {isa = PBXBuildFile; fileRef = C744E3A114B834EF00078FBB /* Scene.h */; settings = {ATTRIBUTES = (Public, ); }; };
		C79EF1D814F531CB00570FB6 /* State.h in Headers */ = {isa = PBXBuildFile; fileRef = C773FEB814BC21D2003338FE /* State.h */; settings = {ATTRIBUTES = (Public, ); }; };
		C79EF1D914F531CB00570FB6 /* Shader.h in Headers */ = {isa = PBXBuildFile; fileRef = C773FEB514BC1F00003338FE /* Shader.h */; settings = {ATTRIBUTES = (Public, ); }; };
		C79EF1DA14F531CB00570FB6 /* Light.h in Headers */ = {isa = PBXBuildFile; fileRef = C773FEBB14BC27D7003338FE /* Light.h */; settings = {ATTRIBUTES = (Public, ); }; };
		C79EF1DB14F531CB00570FB6 /* Camera.h in Headers */ = {isa = PBXBuildFile; fileRef = C773FED814BE7315003338FE /* Camera.h */; settings = {ATTRIBUTES = (Public, ); }; };
		C79EF1DC14F531CB00570FB6 /* GLMathWrapper.h in Headers */ = {isa = PBXBuildFile; fileRef = C7622B8E14D1CE460093DDD0 /* GLMathWrapper.h */; settings = {ATTRIBUTES = (Public, ); }; };
		C79EF1DD14F531D500570FB6 /* GLErrorChecking.h in Headers */ = {isa = PBXBuildFile; fileRef = C773FECC14BD11D6003338FE /* GLErrorChecking.h */; settings = {ATTRIBUTES = (Public, ); }; };
		C79EF1E314F5327400570FB6 /* MacRuby.framework in Frameworks */ = {isa = PBXBuildFile; fileRef = C7622B3314D0AFA00093DDD0 /* MacRuby.framework */; };
		C79EF1E414F5327E00570FB6 /* OpenGL.framework in Frameworks */ = {isa = PBXBuildFile; fileRef = C760C4F514B7AE1700451951 /* OpenGL.framework */; };
		C79EF1E514F5328500570FB6 /* Accelerate.framework in Frameworks */ = {isa = PBXBuildFile; fileRef = C744E42714B8A26D00078FBB /* Accelerate.framework */; };
		C79EF1E614F532E500570FB6 /* Debug.h in Headers */ = {isa = PBXBuildFile; fileRef = C773FEE714BFB0E3003338FE /* Debug.h */; settings = {ATTRIBUTES = (Public, ); }; };
		C79EF1F814F5342900570FB6 /* MainView.m in Sources */ = {isa = PBXBuildFile; fileRef = C79EF1EF14F5342900570FB6 /* MainView.m */; };
		C79EF1F914F5342900570FB6 /* MainWindowController.m in Sources */ = {isa = PBXBuildFile; fileRef = C79EF1F114F5342900570FB6 /* MainWindowController.m */; };
		C79EF1FA14F5342900570FB6 /* OpenGLLayer.m in Sources */ = {isa = PBXBuildFile; fileRef = C79EF1F314F5342900570FB6 /* OpenGLLayer.m */; };
		C79EF1FB14F5342900570FB6 /* OverlayTextView.m in Sources */ = {isa = PBXBuildFile; fileRef = C79EF1F514F5342900570FB6 /* OverlayTextView.m */; };
		C79EF1FC14F5342900570FB6 /* PluginManager.m in Sources */ = {isa = PBXBuildFile; fileRef = C79EF1F714F5342900570FB6 /* PluginManager.m */; };
		C79EF1FE14F5345300570FB6 /* TranquilCore.h in Headers */ = {isa = PBXBuildFile; fileRef = C79EF1FD14F5345300570FB6 /* TranquilCore.h */; settings = {ATTRIBUTES = (Public, ); }; };
		C79EF1FF14F534E700570FB6 /* TranquilPlugin.h in Headers */ = {isa = PBXBuildFile; fileRef = C744E3DA14B8468F00078FBB /* TranquilPlugin.h */; settings = {ATTRIBUTES = (Public, ); }; };
		C79EF20014F5354900570FB6 /* TranquilCore.framework in Frameworks */ = {isa = PBXBuildFile; fileRef = C79EF1C014F530DF00570FB6 /* TranquilCore.framework */; };
		C79EF20114F5354D00570FB6 /* TranquilCore.framework in Frameworks */ = {isa = PBXBuildFile; fileRef = C79EF1C014F530DF00570FB6 /* TranquilCore.framework */; };
		C79EF20214F535AA00570FB6 /* TranquilCore.framework in Frameworks */ = {isa = PBXBuildFile; fileRef = C79EF1C014F530DF00570FB6 /* TranquilCore.framework */; };
		C79EF20314F5368800570FB6 /* TranquilAudio.bundle in Copy Plugins */ = {isa = PBXBuildFile; fileRef = C744E3E914B84CB400078FBB /* TranquilAudio.bundle */; };
		C7E2EF2214B78D4C0000884E /* Cocoa.framework in Frameworks */ = {isa = PBXBuildFile; fileRef = C7E2EF2114B78D4C0000884E /* Cocoa.framework */; };
		C7E2EF2C14B78D4C0000884E /* InfoPlist.strings in Resources */ = {isa = PBXBuildFile; fileRef = C7E2EF2A14B78D4C0000884E /* InfoPlist.strings */; };
		C7E2EF3214B78D4C0000884E /* Credits.rtf in Resources */ = {isa = PBXBuildFile; fileRef = C7E2EF3014B78D4C0000884E /* Credits.rtf */; };
		C7E2EF3814B78D4D0000884E /* MainMenu.xib in Resources */ = {isa = PBXBuildFile; fileRef = C7E2EF3614B78D4D0000884E /* MainMenu.xib */; };
		C7E6E19C14F60B7000215A8D /* TranquilCore.framework in Copy Frameworks */ = {isa = PBXBuildFile; fileRef = C79EF1C014F530DF00570FB6 /* TranquilCore.framework */; };
		C7E6E19C14F60B7000215A8F /* TranquilGraphics.bridgesupport in Resources */ = {isa = PBXBuildFile; fileRef = C7E6E19C14F60B7000215A8E /* TranquilGraphics.bridgesupport */; };
		C7FD7B571503979C00F3D000 /* Cocoa.framework in Frameworks */ = {isa = PBXBuildFile; fileRef = C7E2EF2114B78D4C0000884E /* Cocoa.framework */; };
		C7FD7B641503982700F3D000 /* TranquilCore.framework in Frameworks */ = {isa = PBXBuildFile; fileRef = C79EF1C014F530DF00570FB6 /* TranquilCore.framework */; };
		C7FD7B651503983000F3D000 /* GLMath.framework in Frameworks */ = {isa = PBXBuildFile; fileRef = C7622B1F14D0866E0093DDD0 /* GLMath.framework */; };
		C7FD7B6F1503987A00F3D000 /* InfoPlist.strings in Resources */ = {isa = PBXBuildFile; fileRef = C7FD7B6A1503987A00F3D000 /* InfoPlist.strings */; };
		C7FD7B72150398A200F3D000 /* Scripts in Resources */ = {isa = PBXBuildFile; fileRef = C7FD7B71150398A200F3D000 /* Scripts */; };
		C7FD7B731503A64100F3D000 /* TranquilGenerators.bundle in Copy Plugins */ = {isa = PBXBuildFile; fileRef = C7FD7B561503979C00F3D000 /* TranquilGenerators.bundle */; };
		C7FD7B761503A67100F3D000 /* TranquilGeneratorsPlugin.m in Sources */ = {isa = PBXBuildFile; fileRef = C7FD7B751503A67100F3D000 /* TranquilGeneratorsPlugin.m */; };
/* End PBXBuildFile section */

/* Begin PBXContainerItemProxy section */
		C75208681501041E008400C4 /* PBXContainerItemProxy */ = {
			isa = PBXContainerItemProxy;
			containerPortal = C7E2EF1414B78D4C0000884E /* Project object */;
			proxyType = 1;
			remoteGlobalIDString = C79EF1BF14F530DF00570FB6;
			remoteInfo = TranquilCore;
		};
		C752086B1501042E008400C4 /* PBXContainerItemProxy */ = {
			isa = PBXContainerItemProxy;
			containerPortal = C7E2EF1414B78D4C0000884E /* Project object */;
			proxyType = 1;
			remoteGlobalIDString = C7520850150103C6008400C4;
			remoteInfo = TranquilMIDI;
		};
		C75208A31501F8DD008400C4 /* PBXContainerItemProxy */ = {
			isa = PBXContainerItemProxy;
			containerPortal = C786047D14BA5C3B006ED999 /* GLMath.xcodeproj */;
			proxyType = 1;
			remoteGlobalIDString = C7622AF614D085B60093DDD0;
			remoteInfo = Framework;
		};
		C75208A61501F981008400C4 /* PBXContainerItemProxy */ = {
			isa = PBXContainerItemProxy;
			containerPortal = C786047D14BA5C3B006ED999 /* GLMath.xcodeproj */;
			proxyType = 1;
			remoteGlobalIDString = C7622AF614D085B60093DDD0;
			remoteInfo = Framework;
		};
		C7622B1E14D0866E0093DDD0 /* PBXContainerItemProxy */ = {
			isa = PBXContainerItemProxy;
			containerPortal = C786047D14BA5C3B006ED999 /* GLMath.xcodeproj */;
			proxyType = 2;
			remoteGlobalIDString = C7622AF714D085B60093DDD0;
			remoteInfo = Framework;
		};
		C786048414BA5C3C006ED999 /* PBXContainerItemProxy */ = {
			isa = PBXContainerItemProxy;
			containerPortal = C786047D14BA5C3B006ED999 /* GLMath.xcodeproj */;
			proxyType = 2;
			remoteGlobalIDString = C70EA30314AC9780009D29C6;
			remoteInfo = glmath;
		};
		C79EF1E714F533B900570FB6 /* PBXContainerItemProxy */ = {
			isa = PBXContainerItemProxy;
			containerPortal = C7E2EF1414B78D4C0000884E /* Project object */;
			proxyType = 1;
			remoteGlobalIDString = C79EF1BF14F530DF00570FB6;
			remoteInfo = TranquilCore;
		};
		C79EF1E914F533C400570FB6 /* PBXContainerItemProxy */ = {
			isa = PBXContainerItemProxy;
			containerPortal = C7E2EF1414B78D4C0000884E /* Project object */;
			proxyType = 1;
			remoteGlobalIDString = C79EF1BF14F530DF00570FB6;
			remoteInfo = TranquilCore;
		};
		C79EF1EB14F533CC00570FB6 /* PBXContainerItemProxy */ = {
			isa = PBXContainerItemProxy;
			containerPortal = C7E2EF1414B78D4C0000884E /* Project object */;
			proxyType = 1;
			remoteGlobalIDString = C79EF1BF14F530DF00570FB6;
			remoteInfo = TranquilCore;
		};
		C7BD147014FBAE6200EFC94A /* PBXContainerItemProxy */ = {
			isa = PBXContainerItemProxy;
			containerPortal = C7E2EF1414B78D4C0000884E /* Project object */;
			proxyType = 1;
			remoteGlobalIDString = C744E3E814B84CB400078FBB;
			remoteInfo = TranquilAudio;
		};
		C7BD147214FBAE6400EFC94A /* PBXContainerItemProxy */ = {
			isa = PBXContainerItemProxy;
			containerPortal = C7E2EF1414B78D4C0000884E /* Project object */;
			proxyType = 1;
			remoteGlobalIDString = C744E3C714B8464E00078FBB;
			remoteInfo = TranquilGraphics;
		};
		C7FD7B621503982100F3D000 /* PBXContainerItemProxy */ = {
			isa = PBXContainerItemProxy;
			containerPortal = C7E2EF1414B78D4C0000884E /* Project object */;
			proxyType = 1;
			remoteGlobalIDString = C79EF1BF14F530DF00570FB6;
			remoteInfo = TranquilCore;
		};
/* End PBXContainerItemProxy section */

/* Begin PBXCopyFilesBuildPhase section */
		C752087A15010502008400C4 /* Copy Frameworks */ = {
			isa = PBXCopyFilesBuildPhase;
			buildActionMask = 2147483647;
			dstPath = "";
			dstSubfolderSpec = 10;
			files = (
			);
			name = "Copy Frameworks";
			runOnlyForDeploymentPostprocessing = 0;
		};
		C79EF1B514F5270A00570FB6 /* Copy Plugins */ = {
			isa = PBXCopyFilesBuildPhase;
			buildActionMask = 12;
			dstPath = "";
			dstSubfolderSpec = 13;
			files = (
				C7FD7B731503A64100F3D000 /* TranquilGenerators.bundle in Copy Plugins */,
				C752086D1501043D008400C4 /* TranquilMIDI.bundle in Copy Plugins */,
				C79EF20314F5368800570FB6 /* TranquilAudio.bundle in Copy Plugins */,
				C79EF1B814F5277000570FB6 /* TranquilGraphics.bundle in Copy Plugins */,
			);
			name = "Copy Plugins";
			runOnlyForDeploymentPostprocessing = 0;
		};
		C7E2F0D714B798740000884E /* Copy Frameworks */ = {
			isa = PBXCopyFilesBuildPhase;
			buildActionMask = 2147483647;
			dstPath = "";
			dstSubfolderSpec = 10;
			files = (
				C75208A21501F8CA008400C4 /* GLMath.framework in Copy Frameworks */,
				C7E6E19C14F60B7000215A8D /* TranquilCore.framework in Copy Frameworks */,
			);
			name = "Copy Frameworks";
			runOnlyForDeploymentPostprocessing = 0;
		};
/* End PBXCopyFilesBuildPhase section */

/* Begin PBXFileReference section */
		C70E8A5F14D46ACD000DAF2F /* Scripts */ = {isa = PBXFileReference; lastKnownFileType = folder; path = Scripts; sourceTree = "<group>"; };
		C72A6AE8150634D400A8DAA3 /* Particles.h */ = {isa = PBXFileReference; fileEncoding = 4; lastKnownFileType = sourcecode.c.h; path = Particles.h; sourceTree = "<group>"; };
		C72A6AE9150634D400A8DAA3 /* Particles.m */ = {isa = PBXFileReference; fileEncoding = 4; lastKnownFileType = sourcecode.c.objc; path = Particles.m; sourceTree = "<group>"; };
		C72A6AEB150643B400A8DAA3 /* Texture.h */ = {isa = PBXFileReference; fileEncoding = 4; lastKnownFileType = sourcecode.c.h; path = Texture.h; sourceTree = "<group>"; };
		C72A6AEC150643B400A8DAA3 /* Texture.m */ = {isa = PBXFileReference; fileEncoding = 4; lastKnownFileType = sourcecode.c.objc; path = Texture.m; sourceTree = "<group>"; };
		C72A6AEF1506678000A8DAA3 /* Logger.h */ = {isa = PBXFileReference; fileEncoding = 4; lastKnownFileType = sourcecode.c.h; name = Logger.h; path = ../Application/Logger.h; sourceTree = "<group>"; };
		C72A6AF01506678000A8DAA3 /* Logger.m */ = {isa = PBXFileReference; fileEncoding = 4; lastKnownFileType = sourcecode.c.objc; name = Logger.m; path = ../Application/Logger.m; sourceTree = "<group>"; };
		C744E39F14B8337D00078FBB /* Scripts */ = {isa = PBXFileReference; lastKnownFileType = folder; path = Scripts; sourceTree = "<group>"; };
		C744E3A114B834EF00078FBB /* Scene.h */ = {isa = PBXFileReference; fileEncoding = 4; lastKnownFileType = sourcecode.c.h; path = Scene.h; sourceTree = "<group>"; };
		C744E3A214B834EF00078FBB /* Scene.m */ = {isa = PBXFileReference; fileEncoding = 4; lastKnownFileType = sourcecode.c.objc; path = Scene.m; sourceTree = "<group>"; };
		C744E3C814B8464E00078FBB /* TranquilGraphics.bundle */ = {isa = PBXFileReference; explicitFileType = wrapper.cfbundle; includeInIndex = 0; path = TranquilGraphics.bundle; sourceTree = BUILT_PRODUCTS_DIR; };
		C744E3CC14B8464E00078FBB /* TranquilGraphics-Info.plist */ = {isa = PBXFileReference; lastKnownFileType = text.plist.xml; path = "TranquilGraphics-Info.plist"; sourceTree = "<group>"; };
		C744E3CE14B8464E00078FBB /* en */ = {isa = PBXFileReference; lastKnownFileType = text.plist.strings; name = en; path = en.lproj/InfoPlist.strings; sourceTree = "<group>"; };
		C744E3D014B8464E00078FBB /* TranquilGraphics-Prefix.pch */ = {isa = PBXFileReference; lastKnownFileType = sourcecode.c.h; path = "TranquilGraphics-Prefix.pch"; sourceTree = "<group>"; };
		C744E3D714B8467200078FBB /* TranquilGraphicsPlugin.h */ = {isa = PBXFileReference; fileEncoding = 4; lastKnownFileType = sourcecode.c.h; path = TranquilGraphicsPlugin.h; sourceTree = "<group>"; };
		C744E3D814B8467200078FBB /* TranquilGraphicsPlugin.m */ = {isa = PBXFileReference; fileEncoding = 4; lastKnownFileType = sourcecode.c.objc; path = TranquilGraphicsPlugin.m; sourceTree = "<group>"; };
		C744E3DA14B8468F00078FBB /* TranquilPlugin.h */ = {isa = PBXFileReference; fileEncoding = 4; lastKnownFileType = sourcecode.c.h; path = TranquilPlugin.h; sourceTree = "<group>"; };
		C744E3E914B84CB400078FBB /* TranquilAudio.bundle */ = {isa = PBXFileReference; explicitFileType = wrapper.cfbundle; includeInIndex = 0; path = TranquilAudio.bundle; sourceTree = BUILT_PRODUCTS_DIR; };
		C744E3ED14B84CB400078FBB /* TranquilAudio-Info.plist */ = {isa = PBXFileReference; lastKnownFileType = text.plist.xml; path = "TranquilAudio-Info.plist"; sourceTree = "<group>"; };
		C744E3EF14B84CB400078FBB /* en */ = {isa = PBXFileReference; lastKnownFileType = text.plist.strings; name = en; path = en.lproj/InfoPlist.strings; sourceTree = "<group>"; };
		C744E3F114B84CB400078FBB /* TranquilAudio-Prefix.pch */ = {isa = PBXFileReference; lastKnownFileType = sourcecode.c.h; path = "TranquilAudio-Prefix.pch"; sourceTree = "<group>"; };
		C744E3F514B84CCD00078FBB /* TranquilAudioPlugin.h */ = {isa = PBXFileReference; fileEncoding = 4; lastKnownFileType = sourcecode.c.h; path = TranquilAudioPlugin.h; sourceTree = "<group>"; };
		C744E3F614B84CCD00078FBB /* TranquilAudioPlugin.m */ = {isa = PBXFileReference; fileEncoding = 4; lastKnownFileType = sourcecode.c.objc; path = TranquilAudioPlugin.m; sourceTree = "<group>"; };
		C744E3FB14B84ECD00078FBB /* AudioProcessor.h */ = {isa = PBXFileReference; fileEncoding = 4; lastKnownFileType = sourcecode.c.h; path = AudioProcessor.h; sourceTree = "<group>"; };
		C744E3FC14B84ECD00078FBB /* AudioProcessor.m */ = {isa = PBXFileReference; fileEncoding = 4; lastKnownFileType = sourcecode.c.objc; path = AudioProcessor.m; sourceTree = "<group>"; };
		C744E3FE14B8502500078FBB /* CoreAudio.framework */ = {isa = PBXFileReference; lastKnownFileType = wrapper.framework; name = CoreAudio.framework; path = System/Library/Frameworks/CoreAudio.framework; sourceTree = SDKROOT; };
		C744E40014B851CB00078FBB /* AudioUnit.framework */ = {isa = PBXFileReference; lastKnownFileType = wrapper.framework; name = AudioUnit.framework; path = System/Library/Frameworks/AudioUnit.framework; sourceTree = SDKROOT; };
		C744E42314B8903500078FBB /* libportaudio.a */ = {isa = PBXFileReference; lastKnownFileType = archive.ar; name = libportaudio.a; path = PortAudio/lib/libportaudio.a; sourceTree = SOURCE_ROOT; };
		C744E42514B8905A00078FBB /* AudioToolbox.framework */ = {isa = PBXFileReference; lastKnownFileType = wrapper.framework; name = AudioToolbox.framework; path = System/Library/Frameworks/AudioToolbox.framework; sourceTree = SDKROOT; };
		C744E42714B8A26D00078FBB /* Accelerate.framework */ = {isa = PBXFileReference; lastKnownFileType = wrapper.framework; name = Accelerate.framework; path = System/Library/Frameworks/Accelerate.framework; sourceTree = SDKROOT; };
		C74B3A9714B7E280006741C4 /* ScriptContext.h */ = {isa = PBXFileReference; fileEncoding = 4; lastKnownFileType = sourcecode.c.h; path = ScriptContext.h; sourceTree = "<group>"; };
		C74B3A9814B7E280006741C4 /* ScriptContext.m */ = {isa = PBXFileReference; fileEncoding = 4; lastKnownFileType = sourcecode.c.objc; path = ScriptContext.m; sourceTree = "<group>"; };
		C74B3A9B14B80AA1006741C4 /* CoreVideo.framework */ = {isa = PBXFileReference; lastKnownFileType = wrapper.framework; name = CoreVideo.framework; path = System/Library/Frameworks/CoreVideo.framework; sourceTree = SDKROOT; };
		C7520851150103C6008400C4 /* TranquilMIDI.bundle */ = {isa = PBXFileReference; explicitFileType = wrapper.cfbundle; includeInIndex = 0; path = TranquilMIDI.bundle; sourceTree = BUILT_PRODUCTS_DIR; };
		C752085E15010408008400C4 /* MIDIClock.h */ = {isa = PBXFileReference; fileEncoding = 4; lastKnownFileType = sourcecode.c.h; path = MIDIClock.h; sourceTree = "<group>"; };
		C752085F15010408008400C4 /* MIDIClock.m */ = {isa = PBXFileReference; fileEncoding = 4; lastKnownFileType = sourcecode.c.objc; path = MIDIClock.m; sourceTree = "<group>"; };
		C752086215010408008400C4 /* en */ = {isa = PBXFileReference; lastKnownFileType = text.plist.strings; name = en; path = en.lproj/InfoPlist.strings; sourceTree = "<group>"; };
		C752086315010408008400C4 /* TranquilMIDI-Info.plist */ = {isa = PBXFileReference; fileEncoding = 4; lastKnownFileType = text.plist.xml; path = "TranquilMIDI-Info.plist"; sourceTree = "<group>"; };
		C752086415010408008400C4 /* TranquilMIDI-Prefix.pch */ = {isa = PBXFileReference; fileEncoding = 4; lastKnownFileType = sourcecode.c.h; path = "TranquilMIDI-Prefix.pch"; sourceTree = "<group>"; };
		C752088115010754008400C4 /* CoreMIDI.framework */ = {isa = PBXFileReference; lastKnownFileType = wrapper.framework; name = CoreMIDI.framework; path = System/Library/Frameworks/CoreMIDI.framework; sourceTree = SDKROOT; };
		C752088415010A09008400C4 /* Scripts */ = {isa = PBXFileReference; lastKnownFileType = folder; path = Scripts; sourceTree = "<group>"; };
		C752088815010A60008400C4 /* TranquilMIDI.bridgesupport */ = {isa = PBXFileReference; fileEncoding = 4; lastKnownFileType = text.xml; path = TranquilMIDI.bridgesupport; sourceTree = "<group>"; };
		C752088A15010AD0008400C4 /* TranquilMIDIPlugin.h */ = {isa = PBXFileReference; fileEncoding = 4; lastKnownFileType = sourcecode.c.h; path = TranquilMIDIPlugin.h; sourceTree = "<group>"; };
		C752088B15010AD0008400C4 /* TranquilMIDIPlugin.m */ = {isa = PBXFileReference; fileEncoding = 4; lastKnownFileType = sourcecode.c.objc; path = TranquilMIDIPlugin.m; sourceTree = "<group>"; };
		C760C4F514B7AE1700451951 /* OpenGL.framework */ = {isa = PBXFileReference; lastKnownFileType = wrapper.framework; name = OpenGL.framework; path = System/Library/Frameworks/OpenGL.framework; sourceTree = SDKROOT; };
		C7622B3314D0AFA00093DDD0 /* MacRuby.framework */ = {isa = PBXFileReference; lastKnownFileType = wrapper.framework; name = MacRuby.framework; path = Library/Frameworks/MacRuby.framework; sourceTree = SDKROOT; };
		C7622B8E14D1CE460093DDD0 /* GLMathWrapper.h */ = {isa = PBXFileReference; fileEncoding = 4; lastKnownFileType = sourcecode.c.h; path = GLMathWrapper.h; sourceTree = "<group>"; };
		C7622B8F14D1CE460093DDD0 /* GLMathWrapper.m */ = {isa = PBXFileReference; fileEncoding = 4; lastKnownFileType = sourcecode.c.objc; path = GLMathWrapper.m; sourceTree = "<group>"; };
		C76B70B514D409FA004E6CCE /* Scripts */ = {isa = PBXFileReference; lastKnownFileType = folder; path = Scripts; sourceTree = "<group>"; };
		C773FEAE14BC0EA3003338FE /* PolyPrimitive.h */ = {isa = PBXFileReference; fileEncoding = 4; lastKnownFileType = sourcecode.c.h; path = PolyPrimitive.h; sourceTree = "<group>"; };
		C773FEAF14BC0EA3003338FE /* PolyPrimitive.m */ = {isa = PBXFileReference; fileEncoding = 4; lastKnownFileType = sourcecode.c.objc; path = PolyPrimitive.m; sourceTree = "<group>"; };
		C773FEB214BC122D003338FE /* Cube.h */ = {isa = PBXFileReference; fileEncoding = 4; lastKnownFileType = sourcecode.c.h; path = Cube.h; sourceTree = "<group>"; };
		C773FEB314BC122D003338FE /* Cube.m */ = {isa = PBXFileReference; fileEncoding = 4; lastKnownFileType = sourcecode.c.objc; path = Cube.m; sourceTree = "<group>"; };
		C773FEB514BC1F00003338FE /* Shader.h */ = {isa = PBXFileReference; fileEncoding = 4; lastKnownFileType = sourcecode.c.h; path = Shader.h; sourceTree = "<group>"; };
		C773FEB614BC1F00003338FE /* Shader.m */ = {isa = PBXFileReference; fileEncoding = 4; lastKnownFileType = sourcecode.c.objc; path = Shader.m; sourceTree = "<group>"; };
		C773FEB814BC21D2003338FE /* State.h */ = {isa = PBXFileReference; fileEncoding = 4; lastKnownFileType = sourcecode.c.h; path = State.h; sourceTree = "<group>"; };
		C773FEB914BC21D2003338FE /* State.m */ = {isa = PBXFileReference; fileEncoding = 4; lastKnownFileType = sourcecode.c.objc; path = State.m; sourceTree = "<group>"; };
		C773FEBB14BC27D7003338FE /* Light.h */ = {isa = PBXFileReference; fileEncoding = 4; lastKnownFileType = sourcecode.c.h; path = Light.h; sourceTree = "<group>"; };
		C773FEBC14BC27D7003338FE /* Light.m */ = {isa = PBXFileReference; fileEncoding = 4; lastKnownFileType = sourcecode.c.objc; path = Light.m; sourceTree = "<group>"; };
		C773FEBE14BC397A003338FE /* Shaders */ = {isa = PBXFileReference; lastKnownFileType = folder; path = Shaders; sourceTree = "<group>"; };
		C773FECC14BD11D6003338FE /* GLErrorChecking.h */ = {isa = PBXFileReference; lastKnownFileType = sourcecode.c.h; path = GLErrorChecking.h; sourceTree = "<group>"; };
		C773FED514BD7C18003338FE /* Sphere.h */ = {isa = PBXFileReference; fileEncoding = 4; lastKnownFileType = sourcecode.c.h; path = Sphere.h; sourceTree = "<group>"; };
		C773FED614BD7C18003338FE /* Sphere.m */ = {isa = PBXFileReference; fileEncoding = 4; lastKnownFileType = sourcecode.c.objc; path = Sphere.m; sourceTree = "<group>"; };
		C773FED814BE7315003338FE /* Camera.h */ = {isa = PBXFileReference; fileEncoding = 4; lastKnownFileType = sourcecode.c.h; path = Camera.h; sourceTree = "<group>"; };
		C773FED914BE7316003338FE /* Camera.m */ = {isa = PBXFileReference; fileEncoding = 4; lastKnownFileType = sourcecode.c.objc; path = Camera.m; sourceTree = "<group>"; };
		C773FEE714BFB0E3003338FE /* Debug.h */ = {isa = PBXFileReference; lastKnownFileType = sourcecode.c.h; path = Debug.h; sourceTree = "<group>"; };
		C773FF0614BFE5D7003338FE /* Plane.h */ = {isa = PBXFileReference; fileEncoding = 4; lastKnownFileType = sourcecode.c.h; path = Plane.h; sourceTree = "<group>"; };
		C773FF0714BFE5D8003338FE /* Plane.m */ = {isa = PBXFileReference; fileEncoding = 4; lastKnownFileType = sourcecode.c.objc; path = Plane.m; sourceTree = "<group>"; };
		C786047D14BA5C3B006ED999 /* GLMath.xcodeproj */ = {isa = PBXFileReference; lastKnownFileType = "wrapper.pb-project"; name = GLMath.xcodeproj; path = GLMath/GLMath.xcodeproj; sourceTree = "<group>"; };
		C7906D6E14F554CE0070AA7E /* TAppDelegate.h */ = {isa = PBXFileReference; fileEncoding = 4; lastKnownFileType = sourcecode.c.h; path = TAppDelegate.h; sourceTree = "<group>"; };
		C7906D6F14F554CE0070AA7E /* TAppDelegate.m */ = {isa = PBXFileReference; fileEncoding = 4; lastKnownFileType = sourcecode.c.objc; path = TAppDelegate.m; sourceTree = "<group>"; };
		C79EF1C014F530DF00570FB6 /* TranquilCore.framework */ = {isa = PBXFileReference; explicitFileType = wrapper.framework; includeInIndex = 0; path = TranquilCore.framework; sourceTree = BUILT_PRODUCTS_DIR; };
		C79EF1C414F530E000570FB6 /* TranquilCore-Info.plist */ = {isa = PBXFileReference; lastKnownFileType = text.plist.xml; path = "TranquilCore-Info.plist"; sourceTree = "<group>"; };
		C79EF1C614F530E000570FB6 /* en */ = {isa = PBXFileReference; lastKnownFileType = text.plist.strings; name = en; path = en.lproj/InfoPlist.strings; sourceTree = "<group>"; };
		C79EF1C814F530E000570FB6 /* TranquilCore-Prefix.pch */ = {isa = PBXFileReference; lastKnownFileType = sourcecode.c.h; path = "TranquilCore-Prefix.pch"; sourceTree = "<group>"; };
		C79EF1EE14F5342900570FB6 /* MainView.h */ = {isa = PBXFileReference; fileEncoding = 4; lastKnownFileType = sourcecode.c.h; path = MainView.h; sourceTree = "<group>"; };
		C79EF1EF14F5342900570FB6 /* MainView.m */ = {isa = PBXFileReference; fileEncoding = 4; lastKnownFileType = sourcecode.c.objc; path = MainView.m; sourceTree = "<group>"; };
		C79EF1F014F5342900570FB6 /* MainWindowController.h */ = {isa = PBXFileReference; fileEncoding = 4; lastKnownFileType = sourcecode.c.h; path = MainWindowController.h; sourceTree = "<group>"; };
		C79EF1F114F5342900570FB6 /* MainWindowController.m */ = {isa = PBXFileReference; fileEncoding = 4; lastKnownFileType = sourcecode.c.objc; path = MainWindowController.m; sourceTree = "<group>"; };
		C79EF1F214F5342900570FB6 /* OpenGLLayer.h */ = {isa = PBXFileReference; fileEncoding = 4; lastKnownFileType = sourcecode.c.h; path = OpenGLLayer.h; sourceTree = "<group>"; };
		C79EF1F314F5342900570FB6 /* OpenGLLayer.m */ = {isa = PBXFileReference; fileEncoding = 4; lastKnownFileType = sourcecode.c.objc; path = OpenGLLayer.m; sourceTree = "<group>"; };
		C79EF1F414F5342900570FB6 /* OverlayTextView.h */ = {isa = PBXFileReference; fileEncoding = 4; lastKnownFileType = sourcecode.c.h; path = OverlayTextView.h; sourceTree = "<group>"; };
		C79EF1F514F5342900570FB6 /* OverlayTextView.m */ = {isa = PBXFileReference; fileEncoding = 4; lastKnownFileType = sourcecode.c.objc; path = OverlayTextView.m; sourceTree = "<group>"; };
		C79EF1F614F5342900570FB6 /* PluginManager.h */ = {isa = PBXFileReference; fileEncoding = 4; lastKnownFileType = sourcecode.c.h; path = PluginManager.h; sourceTree = "<group>"; };
		C79EF1F714F5342900570FB6 /* PluginManager.m */ = {isa = PBXFileReference; fileEncoding = 4; lastKnownFileType = sourcecode.c.objc; path = PluginManager.m; sourceTree = "<group>"; };
		C79EF1FD14F5345300570FB6 /* TranquilCore.h */ = {isa = PBXFileReference; fileEncoding = 4; lastKnownFileType = sourcecode.c.h; path = TranquilCore.h; sourceTree = "<group>"; };
		C7E2EF1D14B78D4C0000884E /* Tranquil.app */ = {isa = PBXFileReference; explicitFileType = wrapper.application; includeInIndex = 0; path = Tranquil.app; sourceTree = BUILT_PRODUCTS_DIR; };
		C7E2EF2114B78D4C0000884E /* Cocoa.framework */ = {isa = PBXFileReference; lastKnownFileType = wrapper.framework; name = Cocoa.framework; path = System/Library/Frameworks/Cocoa.framework; sourceTree = SDKROOT; };
		C7E2EF2414B78D4C0000884E /* AppKit.framework */ = {isa = PBXFileReference; lastKnownFileType = wrapper.framework; name = AppKit.framework; path = System/Library/Frameworks/AppKit.framework; sourceTree = SDKROOT; };
		C7E2EF2514B78D4C0000884E /* CoreData.framework */ = {isa = PBXFileReference; lastKnownFileType = wrapper.framework; name = CoreData.framework; path = System/Library/Frameworks/CoreData.framework; sourceTree = SDKROOT; };
		C7E2EF2614B78D4C0000884E /* Foundation.framework */ = {isa = PBXFileReference; lastKnownFileType = wrapper.framework; name = Foundation.framework; path = System/Library/Frameworks/Foundation.framework; sourceTree = SDKROOT; };
		C7E2EF2914B78D4C0000884E /* Tranquil-Info.plist */ = {isa = PBXFileReference; lastKnownFileType = text.plist.xml; path = "Tranquil-Info.plist"; sourceTree = "<group>"; };
		C7E2EF2B14B78D4C0000884E /* en */ = {isa = PBXFileReference; lastKnownFileType = text.plist.strings; name = en; path = en.lproj/InfoPlist.strings; sourceTree = "<group>"; };
		C7E2EF2D14B78D4C0000884E /* main.m */ = {isa = PBXFileReference; lastKnownFileType = sourcecode.c.objc; path = main.m; sourceTree = "<group>"; };
		C7E2EF2F14B78D4C0000884E /* Tranquil-Prefix.pch */ = {isa = PBXFileReference; lastKnownFileType = sourcecode.c.h; path = "Tranquil-Prefix.pch"; sourceTree = "<group>"; };
		C7E2EF3114B78D4C0000884E /* en */ = {isa = PBXFileReference; lastKnownFileType = text.rtf; name = en; path = en.lproj/Credits.rtf; sourceTree = "<group>"; };
		C7E2EF3714B78D4D0000884E /* en */ = {isa = PBXFileReference; lastKnownFileType = file.xib; name = en; path = en.lproj/MainMenu.xib; sourceTree = "<group>"; };
		C7E6E19C14F60B7000215A8E /* TranquilGraphics.bridgesupport */ = {isa = PBXFileReference; lastKnownFileType = file.bridgesupport; path = TranquilGraphics.bridgesupport; sourceTree = "<group>"; };
		C7FD7B561503979C00F3D000 /* TranquilGenerators.bundle */ = {isa = PBXFileReference; explicitFileType = wrapper.cfbundle; includeInIndex = 0; path = TranquilGenerators.bundle; sourceTree = BUILT_PRODUCTS_DIR; };
		C7FD7B6B1503987A00F3D000 /* en */ = {isa = PBXFileReference; lastKnownFileType = text.plist.strings; name = en; path = en.lproj/InfoPlist.strings; sourceTree = "<group>"; };
		C7FD7B6C1503987A00F3D000 /* TranquilGenerators-Info.plist */ = {isa = PBXFileReference; fileEncoding = 4; lastKnownFileType = text.plist.xml; path = "TranquilGenerators-Info.plist"; sourceTree = "<group>"; };
		C7FD7B6D1503987A00F3D000 /* TranquilGenerators-Prefix.pch */ = {isa = PBXFileReference; fileEncoding = 4; lastKnownFileType = sourcecode.c.h; path = "TranquilGenerators-Prefix.pch"; sourceTree = "<group>"; };
		C7FD7B71150398A200F3D000 /* Scripts */ = {isa = PBXFileReference; lastKnownFileType = folder; path = Scripts; sourceTree = "<group>"; };
		C7FD7B741503A67100F3D000 /* TranquilGeneratorsPlugin.h */ = {isa = PBXFileReference; fileEncoding = 4; lastKnownFileType = sourcecode.c.h; path = TranquilGeneratorsPlugin.h; sourceTree = "<group>"; };
		C7FD7B751503A67100F3D000 /* TranquilGeneratorsPlugin.m */ = {isa = PBXFileReference; fileEncoding = 4; lastKnownFileType = sourcecode.c.objc; path = TranquilGeneratorsPlugin.m; sourceTree = "<group>"; };
/* End PBXFileReference section */

/* Begin PBXFrameworksBuildPhase section */
		C744E3C514B8464E00078FBB /* Frameworks */ = {
			isa = PBXFrameworksBuildPhase;
			buildActionMask = 2147483647;
			files = (
				C79EF20014F5354900570FB6 /* TranquilCore.framework in Frameworks */,
				C7622B2714D087E40093DDD0 /* GLMath.framework in Frameworks */,
				C773FED414BD50B8003338FE /* Accelerate.framework in Frameworks */,
				C773FEB114BC11A9003338FE /* OpenGL.framework in Frameworks */,
				C744E3C914B8464E00078FBB /* Cocoa.framework in Frameworks */,
			);
			runOnlyForDeploymentPostprocessing = 0;
		};
		C744E3E614B84CB400078FBB /* Frameworks */ = {
			isa = PBXFrameworksBuildPhase;
			buildActionMask = 2147483647;
			files = (
				C79EF20114F5354D00570FB6 /* TranquilCore.framework in Frameworks */,
				C7622B2214D087CD0093DDD0 /* GLMath.framework in Frameworks */,
				C744E42A14B8A49200078FBB /* Accelerate.framework in Frameworks */,
				C744E42614B8905A00078FBB /* AudioToolbox.framework in Frameworks */,
				C744E40114B851CC00078FBB /* AudioUnit.framework in Frameworks */,
				C744E3FF14B8502500078FBB /* CoreAudio.framework in Frameworks */,
				C744E3EA14B84CB400078FBB /* Cocoa.framework in Frameworks */,
				C744E42414B8903500078FBB /* libportaudio.a in Frameworks */,
			);
			runOnlyForDeploymentPostprocessing = 0;
		};
		C752084E150103C6008400C4 /* Frameworks */ = {
			isa = PBXFrameworksBuildPhase;
			buildActionMask = 2147483647;
			files = (
				C752088315010769008400C4 /* AudioToolbox.framework in Frameworks */,
				C752088215010754008400C4 /* CoreMIDI.framework in Frameworks */,
				C752086A15010423008400C4 /* TranquilCore.framework in Frameworks */,
				C7520852150103C6008400C4 /* Cocoa.framework in Frameworks */,
			);
			runOnlyForDeploymentPostprocessing = 0;
		};
		C79EF1BC14F530DF00570FB6 /* Frameworks */ = {
			isa = PBXFrameworksBuildPhase;
			buildActionMask = 2147483647;
			files = (
				C75208A51501F8E0008400C4 /* GLMath.framework in Frameworks */,
				C79EF1E514F5328500570FB6 /* Accelerate.framework in Frameworks */,
				C79EF1E414F5327E00570FB6 /* OpenGL.framework in Frameworks */,
				C79EF1E314F5327400570FB6 /* MacRuby.framework in Frameworks */,
				C79EF1C114F530E000570FB6 /* Cocoa.framework in Frameworks */,
			);
			runOnlyForDeploymentPostprocessing = 0;
		};
		C7E2EF1A14B78D4C0000884E /* Frameworks */ = {
			isa = PBXFrameworksBuildPhase;
			buildActionMask = 2147483647;
			files = (
				C79EF20214F535AA00570FB6 /* TranquilCore.framework in Frameworks */,
				C7622B3414D0AFA00093DDD0 /* MacRuby.framework in Frameworks */,
				C701C3CF14BBD87000DD9C0C /* Accelerate.framework in Frameworks */,
				C760C50414B7AFA600451951 /* OpenGL.framework in Frameworks */,
				C7622B2114D087AA0093DDD0 /* GLMath.framework in Frameworks */,
				C7E2EF2214B78D4C0000884E /* Cocoa.framework in Frameworks */,
			);
			runOnlyForDeploymentPostprocessing = 0;
		};
		C7FD7B531503979C00F3D000 /* Frameworks */ = {
			isa = PBXFrameworksBuildPhase;
			buildActionMask = 2147483647;
			files = (
				C7FD7B651503983000F3D000 /* GLMath.framework in Frameworks */,
				C7FD7B641503982700F3D000 /* TranquilCore.framework in Frameworks */,
				C7FD7B571503979C00F3D000 /* Cocoa.framework in Frameworks */,
			);
			runOnlyForDeploymentPostprocessing = 0;
		};
/* End PBXFrameworksBuildPhase section */

/* Begin PBXGroup section */
		C744E3CB14B8464E00078FBB /* Supporting Files */ = {
			isa = PBXGroup;
			children = (
				C7E6E19C14F60B7000215A8E /* TranquilGraphics.bridgesupport */,
				C744E3CC14B8464E00078FBB /* TranquilGraphics-Info.plist */,
				C744E3CD14B8464E00078FBB /* InfoPlist.strings */,
				C744E3D014B8464E00078FBB /* TranquilGraphics-Prefix.pch */,
			);
			path = "Supporting Files";
			sourceTree = "<group>";
		};
		C744E3D614B8466500078FBB /* Graphics */ = {
			isa = PBXGroup;
			children = (
				C744E3D714B8467200078FBB /* TranquilGraphicsPlugin.h */,
				C744E3D814B8467200078FBB /* TranquilGraphicsPlugin.m */,
				C773FEAE14BC0EA3003338FE /* PolyPrimitive.h */,
				C773FEAF14BC0EA3003338FE /* PolyPrimitive.m */,
				C773FEB214BC122D003338FE /* Cube.h */,
				C773FEB314BC122D003338FE /* Cube.m */,
				C773FED514BD7C18003338FE /* Sphere.h */,
				C773FED614BD7C18003338FE /* Sphere.m */,
				C773FF0614BFE5D7003338FE /* Plane.h */,
				C773FF0714BFE5D8003338FE /* Plane.m */,
				C72A6AE8150634D400A8DAA3 /* Particles.h */,
				C72A6AE9150634D400A8DAA3 /* Particles.m */,
				C76B70B514D409FA004E6CCE /* Scripts */,
				C744E3CB14B8464E00078FBB /* Supporting Files */,
			);
			name = Graphics;
			path = Plugins/Graphics;
			sourceTree = "<group>";
		};
		C744E3E414B84C9C00078FBB /* Audio */ = {
			isa = PBXGroup;
			children = (
				C744E3F514B84CCD00078FBB /* TranquilAudioPlugin.h */,
				C744E3F614B84CCD00078FBB /* TranquilAudioPlugin.m */,
				C744E3FB14B84ECD00078FBB /* AudioProcessor.h */,
				C744E3FC14B84ECD00078FBB /* AudioProcessor.m */,
				C70E8A5F14D46ACD000DAF2F /* Scripts */,
				C744E3EC14B84CB400078FBB /* Supporting Files */,
			);
			name = Audio;
			path = Plugins/Audio;
			sourceTree = "<group>";
		};
		C744E3EC14B84CB400078FBB /* Supporting Files */ = {
			isa = PBXGroup;
			children = (
				C744E42314B8903500078FBB /* libportaudio.a */,
				C744E42714B8A26D00078FBB /* Accelerate.framework */,
				C744E42514B8905A00078FBB /* AudioToolbox.framework */,
				C744E40014B851CB00078FBB /* AudioUnit.framework */,
				C744E3FE14B8502500078FBB /* CoreAudio.framework */,
				C744E3ED14B84CB400078FBB /* TranquilAudio-Info.plist */,
				C744E3EE14B84CB400078FBB /* InfoPlist.strings */,
				C744E3F114B84CB400078FBB /* TranquilAudio-Prefix.pch */,
			);
			path = "Supporting Files";
			sourceTree = "<group>";
		};
		C752085D15010408008400C4 /* MIDI */ = {
			isa = PBXGroup;
			children = (
				C752085E15010408008400C4 /* MIDIClock.h */,
				C752085F15010408008400C4 /* MIDIClock.m */,
				C752088A15010AD0008400C4 /* TranquilMIDIPlugin.h */,
				C752088B15010AD0008400C4 /* TranquilMIDIPlugin.m */,
				C752088415010A09008400C4 /* Scripts */,
				C752086015010408008400C4 /* Supporting Files */,
				C752088115010754008400C4 /* CoreMIDI.framework */,
			);
			name = MIDI;
			path = Plugins/MIDI;
			sourceTree = "<group>";
		};
		C752086015010408008400C4 /* Supporting Files */ = {
			isa = PBXGroup;
			children = (
				C752088815010A60008400C4 /* TranquilMIDI.bridgesupport */,
				C752086115010408008400C4 /* InfoPlist.strings */,
				C752086315010408008400C4 /* TranquilMIDI-Info.plist */,
				C752086415010408008400C4 /* TranquilMIDI-Prefix.pch */,
			);
			path = "Supporting Files";
			sourceTree = "<group>";
		};
		C786047E14BA5C3B006ED999 /* Products */ = {
			isa = PBXGroup;
			children = (
				C786048514BA5C3C006ED999 /* libglmath.a */,
				C7622B1F14D0866E0093DDD0 /* GLMath.framework */,
			);
			name = Products;
			sourceTree = "<group>";
		};
		C79EF1C314F530E000570FB6 /* Supporting Files */ = {
			isa = PBXGroup;
			children = (
				C79EF1C414F530E000570FB6 /* TranquilCore-Info.plist */,
				C79EF1C514F530E000570FB6 /* InfoPlist.strings */,
				C79EF1C814F530E000570FB6 /* TranquilCore-Prefix.pch */,
			);
			path = "Supporting Files";
			sourceTree = "<group>";
		};
		C79EF1ED14F5342900570FB6 /* Application */ = {
			isa = PBXGroup;
			children = (
				C7906D6E14F554CE0070AA7E /* TAppDelegate.h */,
				C7906D6F14F554CE0070AA7E /* TAppDelegate.m */,
				C79EF1EE14F5342900570FB6 /* MainView.h */,
				C79EF1EF14F5342900570FB6 /* MainView.m */,
				C79EF1F014F5342900570FB6 /* MainWindowController.h */,
				C79EF1F114F5342900570FB6 /* MainWindowController.m */,
				C79EF1F214F5342900570FB6 /* OpenGLLayer.h */,
				C79EF1F314F5342900570FB6 /* OpenGLLayer.m */,
				C79EF1F414F5342900570FB6 /* OverlayTextView.h */,
				C79EF1F514F5342900570FB6 /* OverlayTextView.m */,
				C79EF1F614F5342900570FB6 /* PluginManager.h */,
				C79EF1F714F5342900570FB6 /* PluginManager.m */,
				C7E2EF2D14B78D4C0000884E /* main.m */,
				C7E2EF3614B78D4D0000884E /* MainMenu.xib */,
				C7E2EF2814B78D4C0000884E /* Supporting Files */,
			);
			path = Application;
			sourceTree = "<group>";
		};
		C7E2EF1214B78D4C0000884E = {
			isa = PBXGroup;
			children = (
				C786047D14BA5C3B006ED999 /* GLMath.xcodeproj */,
				C7E2EF2714B78D4C0000884E /* Tranquil */,
				C7E2EF2014B78D4C0000884E /* Frameworks */,
				C7E2EF1E14B78D4C0000884E /* Products */,
			);
			sourceTree = "<group>";
		};
		C7E2EF1E14B78D4C0000884E /* Products */ = {
			isa = PBXGroup;
			children = (
				C7E2EF1D14B78D4C0000884E /* Tranquil.app */,
				C744E3C814B8464E00078FBB /* TranquilGraphics.bundle */,
				C744E3E914B84CB400078FBB /* TranquilAudio.bundle */,
				C79EF1C014F530DF00570FB6 /* TranquilCore.framework */,
				C7520851150103C6008400C4 /* TranquilMIDI.bundle */,
				C7FD7B561503979C00F3D000 /* TranquilGenerators.bundle */,
			);
			name = Products;
			sourceTree = "<group>";
		};
		C7E2EF2014B78D4C0000884E /* Frameworks */ = {
			isa = PBXGroup;
			children = (
				C7622B3314D0AFA00093DDD0 /* MacRuby.framework */,
				C74B3A9B14B80AA1006741C4 /* CoreVideo.framework */,
				C760C4F514B7AE1700451951 /* OpenGL.framework */,
				C7E2EF2114B78D4C0000884E /* Cocoa.framework */,
				C7E2EF2314B78D4C0000884E /* Other Frameworks */,
			);
			name = Frameworks;
			sourceTree = "<group>";
		};
		C7E2EF2314B78D4C0000884E /* Other Frameworks */ = {
			isa = PBXGroup;
			children = (
				C7E2EF2414B78D4C0000884E /* AppKit.framework */,
				C7E2EF2514B78D4C0000884E /* CoreData.framework */,
				C7E2EF2614B78D4C0000884E /* Foundation.framework */,
			);
			name = "Other Frameworks";
			sourceTree = "<group>";
		};
		C7E2EF2714B78D4C0000884E /* Tranquil */ = {
			isa = PBXGroup;
			children = (
				C7FD7B661503987A00F3D000 /* Generators */,
				C752085D15010408008400C4 /* MIDI */,
				C79EF1ED14F5342900570FB6 /* Application */,
				C7E2EF9E14B78E010000884E /* Core */,
				C744E3E414B84C9C00078FBB /* Audio */,
				C744E3D614B8466500078FBB /* Graphics */,
				C773FEBE14BC397A003338FE /* Shaders */,
				C744E39F14B8337D00078FBB /* Scripts */,
			);
			path = Tranquil;
			sourceTree = "<group>";
		};
		C7E2EF2814B78D4C0000884E /* Supporting Files */ = {
			isa = PBXGroup;
			children = (
				C7E2EF2914B78D4C0000884E /* Tranquil-Info.plist */,
				C7E2EF2A14B78D4C0000884E /* InfoPlist.strings */,
				C7E2EF2F14B78D4C0000884E /* Tranquil-Prefix.pch */,
				C7E2EF3014B78D4C0000884E /* Credits.rtf */,
			);
			path = "Supporting Files";
			sourceTree = "<group>";
		};
		C7E2EF9E14B78E010000884E /* Core */ = {
			isa = PBXGroup;
			children = (
				C79EF1FD14F5345300570FB6 /* TranquilCore.h */,
				C773FEE714BFB0E3003338FE /* Debug.h */,
				C72A6AEF1506678000A8DAA3 /* Logger.h */,
				C72A6AF01506678000A8DAA3 /* Logger.m */,
				C74B3A9714B7E280006741C4 /* ScriptContext.h */,
				C74B3A9814B7E280006741C4 /* ScriptContext.m */,
				C744E3A114B834EF00078FBB /* Scene.h */,
				C744E3A214B834EF00078FBB /* Scene.m */,
				C773FEB814BC21D2003338FE /* State.h */,
				C773FEB914BC21D2003338FE /* State.m */,
				C773FEB514BC1F00003338FE /* Shader.h */,
				C773FEB614BC1F00003338FE /* Shader.m */,
				C773FEBB14BC27D7003338FE /* Light.h */,
				C773FEBC14BC27D7003338FE /* Light.m */,
				C773FED814BE7315003338FE /* Camera.h */,
				C773FED914BE7316003338FE /* Camera.m */,
				C744E3DA14B8468F00078FBB /* TranquilPlugin.h */,
				C773FECC14BD11D6003338FE /* GLErrorChecking.h */,
				C7622B8E14D1CE460093DDD0 /* GLMathWrapper.h */,
				C7622B8F14D1CE460093DDD0 /* GLMathWrapper.m */,
				C72A6AEB150643B400A8DAA3 /* Texture.h */,
				C72A6AEC150643B400A8DAA3 /* Texture.m */,
				C79EF1C314F530E000570FB6 /* Supporting Files */,
			);
			path = Core;
			sourceTree = "<group>";
		};
		C7FD7B661503987A00F3D000 /* Generators */ = {
			isa = PBXGroup;
			children = (
				C7FD7B71150398A200F3D000 /* Scripts */,
				C7FD7B691503987A00F3D000 /* Supporting Files */,
				C7FD7B741503A67100F3D000 /* TranquilGeneratorsPlugin.h */,
				C7FD7B751503A67100F3D000 /* TranquilGeneratorsPlugin.m */,
			);
			name = Generators;
			path = Plugins/Generators;
			sourceTree = "<group>";
		};
		C7FD7B691503987A00F3D000 /* Supporting Files */ = {
			isa = PBXGroup;
			children = (
				C7FD7B6A1503987A00F3D000 /* InfoPlist.strings */,
				C7FD7B6C1503987A00F3D000 /* TranquilGenerators-Info.plist */,
				C7FD7B6D1503987A00F3D000 /* TranquilGenerators-Prefix.pch */,
			);
			path = "Supporting Files";
			sourceTree = "<group>";
		};
/* End PBXGroup section */

/* Begin PBXHeadersBuildPhase section */
		C79EF1BD14F530DF00570FB6 /* Headers */ = {
			isa = PBXHeadersBuildPhase;
			buildActionMask = 2147483647;
			files = (
				C79EF1FE14F5345300570FB6 /* TranquilCore.h in Headers */,
				C79EF1DD14F531D500570FB6 /* GLErrorChecking.h in Headers */,
				C79EF1D614F531CB00570FB6 /* ScriptContext.h in Headers */,
				C79EF1E614F532E500570FB6 /* Debug.h in Headers */,
				C79EF1D714F531CB00570FB6 /* Scene.h in Headers */,
				C79EF1D814F531CB00570FB6 /* State.h in Headers */,
				C79EF1D914F531CB00570FB6 /* Shader.h in Headers */,
				C79EF1FF14F534E700570FB6 /* TranquilPlugin.h in Headers */,
				C79EF1DA14F531CB00570FB6 /* Light.h in Headers */,
				C72A6AED150643B400A8DAA3 /* Texture.h in Headers */,
				C79EF1DB14F531CB00570FB6 /* Camera.h in Headers */,
				C79EF1DC14F531CB00570FB6 /* GLMathWrapper.h in Headers */,
				C72A6AF31506786C00A8DAA3 /* Logger.h in Headers */,
			);
			runOnlyForDeploymentPostprocessing = 0;
		};
/* End PBXHeadersBuildPhase section */

/* Begin PBXNativeTarget section */
		C744E3C714B8464E00078FBB /* TranquilGraphics */ = {
			isa = PBXNativeTarget;
			buildConfigurationList = C744E3D114B8464E00078FBB /* Build configuration list for PBXNativeTarget "TranquilGraphics" */;
			buildPhases = (
				C744E3C414B8464E00078FBB /* Sources */,
				C744E3C514B8464E00078FBB /* Frameworks */,
				C744E3C614B8464E00078FBB /* Resources */,
				C76B904D14FBC5090026A990 /* Generate Bridge Metadata */,
			);
			buildRules = (
			);
			dependencies = (
				C79EF1EA14F533C400570FB6 /* PBXTargetDependency */,
			);
			name = TranquilGraphics;
			productName = TranquilGraphics;
			productReference = C744E3C814B8464E00078FBB /* TranquilGraphics.bundle */;
			productType = "com.apple.product-type.bundle";
		};
		C744E3E814B84CB400078FBB /* TranquilAudio */ = {
			isa = PBXNativeTarget;
			buildConfigurationList = C744E3F214B84CB400078FBB /* Build configuration list for PBXNativeTarget "TranquilAudio" */;
			buildPhases = (
				C744E3E514B84CB400078FBB /* Sources */,
				C744E3E614B84CB400078FBB /* Frameworks */,
				C744E3E714B84CB400078FBB /* Resources */,
			);
			buildRules = (
			);
			dependencies = (
				C79EF1EC14F533CC00570FB6 /* PBXTargetDependency */,
			);
			name = TranquilAudio;
			productName = TranquilAudio;
			productReference = C744E3E914B84CB400078FBB /* TranquilAudio.bundle */;
			productType = "com.apple.product-type.bundle";
		};
		C7520850150103C6008400C4 /* TranquilMIDI */ = {
			isa = PBXNativeTarget;
			buildConfigurationList = C752085A150103C6008400C4 /* Build configuration list for PBXNativeTarget "TranquilMIDI" */;
			buildPhases = (
				C752084D150103C6008400C4 /* Sources */,
				C752084E150103C6008400C4 /* Frameworks */,
				C752084F150103C6008400C4 /* Resources */,
				C752087A15010502008400C4 /* Copy Frameworks */,
			);
			buildRules = (
			);
			dependencies = (
				C75208691501041E008400C4 /* PBXTargetDependency */,
			);
			name = TranquilMIDI;
			productName = TranquilMIDI;
			productReference = C7520851150103C6008400C4 /* TranquilMIDI.bundle */;
			productType = "com.apple.product-type.bundle";
		};
		C79EF1BF14F530DF00570FB6 /* TranquilCore */ = {
			isa = PBXNativeTarget;
			buildConfigurationList = C79EF1CC14F530E000570FB6 /* Build configuration list for PBXNativeTarget "TranquilCore" */;
			buildPhases = (
				C79EF1BB14F530DF00570FB6 /* Sources */,
				C79EF1BC14F530DF00570FB6 /* Frameworks */,
				C79EF1BD14F530DF00570FB6 /* Headers */,
				C79EF1BE14F530DF00570FB6 /* Resources */,
			);
			buildRules = (
			);
			dependencies = (
				C75208A41501F8DD008400C4 /* PBXTargetDependency */,
			);
			name = TranquilCore;
			productName = TranquilCore;
			productReference = C79EF1C014F530DF00570FB6 /* TranquilCore.framework */;
			productType = "com.apple.product-type.framework";
		};
		C7E2EF1C14B78D4C0000884E /* Tranquil */ = {
			isa = PBXNativeTarget;
			buildConfigurationList = C7E2EF3B14B78D4D0000884E /* Build configuration list for PBXNativeTarget "Tranquil" */;
			buildPhases = (
				C7E2EF1914B78D4C0000884E /* Sources */,
				C7E2EF1A14B78D4C0000884E /* Frameworks */,
				C7E2EF1B14B78D4C0000884E /* Resources */,
				C7E2F0D714B798740000884E /* Copy Frameworks */,
				C79EF1B514F5270A00570FB6 /* Copy Plugins */,
			);
			buildRules = (
			);
			dependencies = (
				C75208A71501F981008400C4 /* PBXTargetDependency */,
				C79EF1E814F533B900570FB6 /* PBXTargetDependency */,
				C7BD147114FBAE6200EFC94A /* PBXTargetDependency */,
				C7BD147314FBAE6400EFC94A /* PBXTargetDependency */,
				C752086C1501042E008400C4 /* PBXTargetDependency */,
			);
			name = Tranquil;
			productName = Tranquil;
			productReference = C7E2EF1D14B78D4C0000884E /* Tranquil.app */;
			productType = "com.apple.product-type.application";
		};
		C7FD7B551503979C00F3D000 /* TranquilGenerators */ = {
			isa = PBXNativeTarget;
			buildConfigurationList = C7FD7B5F1503979C00F3D000 /* Build configuration list for PBXNativeTarget "TranquilGenerators" */;
			buildPhases = (
				C7FD7B521503979C00F3D000 /* Sources */,
				C7FD7B531503979C00F3D000 /* Frameworks */,
				C7FD7B541503979C00F3D000 /* Resources */,
			);
			buildRules = (
			);
			dependencies = (
				C7FD7B631503982100F3D000 /* PBXTargetDependency */,
			);
			name = TranquilGenerators;
			productName = TranquilGenerators;
			productReference = C7FD7B561503979C00F3D000 /* TranquilGenerators.bundle */;
			productType = "com.apple.product-type.bundle";
		};
/* End PBXNativeTarget section */

/* Begin PBXProject section */
		C7E2EF1414B78D4C0000884E /* Project object */ = {
			isa = PBXProject;
			attributes = {
				LastUpgradeCheck = 0430;
			};
			buildConfigurationList = C7E2EF1714B78D4C0000884E /* Build configuration list for PBXProject "Tranquil" */;
			compatibilityVersion = "Xcode 3.2";
			developmentRegion = English;
			hasScannedForEncodings = 0;
			knownRegions = (
				en,
			);
			mainGroup = C7E2EF1214B78D4C0000884E;
			productRefGroup = C7E2EF1E14B78D4C0000884E /* Products */;
			projectDirPath = "";
			projectReferences = (
				{
					ProductGroup = C786047E14BA5C3B006ED999 /* Products */;
					ProjectRef = C786047D14BA5C3B006ED999 /* GLMath.xcodeproj */;
				},
			);
			projectRoot = "";
			targets = (
				C7E2EF1C14B78D4C0000884E /* Tranquil */,
				C744E3E814B84CB400078FBB /* TranquilAudio */,
				C744E3C714B8464E00078FBB /* TranquilGraphics */,
				C7520850150103C6008400C4 /* TranquilMIDI */,
				C79EF1BF14F530DF00570FB6 /* TranquilCore */,
				C7FD7B551503979C00F3D000 /* TranquilGenerators */,
			);
		};
/* End PBXProject section */

/* Begin PBXReferenceProxy section */
		C7622B1F14D0866E0093DDD0 /* GLMath.framework */ = {
			isa = PBXReferenceProxy;
			fileType = wrapper.framework;
			path = GLMath.framework;
			remoteRef = C7622B1E14D0866E0093DDD0 /* PBXContainerItemProxy */;
			sourceTree = BUILT_PRODUCTS_DIR;
		};
		C786048514BA5C3C006ED999 /* libglmath.a */ = {
			isa = PBXReferenceProxy;
			fileType = archive.ar;
			path = libglmath.a;
			remoteRef = C786048414BA5C3C006ED999 /* PBXContainerItemProxy */;
			sourceTree = BUILT_PRODUCTS_DIR;
		};
/* End PBXReferenceProxy section */

/* Begin PBXResourcesBuildPhase section */
		C744E3C614B8464E00078FBB /* Resources */ = {
			isa = PBXResourcesBuildPhase;
			buildActionMask = 2147483647;
			files = (
				C744E3CF14B8464E00078FBB /* InfoPlist.strings in Resources */,
				C76B70B614D40C59004E6CCE /* Scripts in Resources */,
				C7E6E19C14F60B7000215A8F /* TranquilGraphics.bridgesupport in Resources */,
			);
			runOnlyForDeploymentPostprocessing = 0;
		};
		C744E3E714B84CB400078FBB /* Resources */ = {
			isa = PBXResourcesBuildPhase;
			buildActionMask = 2147483647;
			files = (
				C744E3F014B84CB400078FBB /* InfoPlist.strings in Resources */,
				C70E8A6014D46AD4000DAF2F /* Scripts in Resources */,
			);
			runOnlyForDeploymentPostprocessing = 0;
		};
		C752084F150103C6008400C4 /* Resources */ = {
			isa = PBXResourcesBuildPhase;
			buildActionMask = 2147483647;
			files = (
				C752086615010408008400C4 /* InfoPlist.strings in Resources */,
				C752088515010A09008400C4 /* Scripts in Resources */,
				C752088915010A60008400C4 /* TranquilMIDI.bridgesupport in Resources */,
			);
			runOnlyForDeploymentPostprocessing = 0;
		};
		C79EF1BE14F530DF00570FB6 /* Resources */ = {
			isa = PBXResourcesBuildPhase;
			buildActionMask = 2147483647;
			files = (
				C79EF1C714F530E000570FB6 /* InfoPlist.strings in Resources */,
			);
			runOnlyForDeploymentPostprocessing = 0;
		};
		C7E2EF1B14B78D4C0000884E /* Resources */ = {
			isa = PBXResourcesBuildPhase;
			buildActionMask = 2147483647;
			files = (
				C7E2EF2C14B78D4C0000884E /* InfoPlist.strings in Resources */,
				C7E2EF3214B78D4C0000884E /* Credits.rtf in Resources */,
				C7E2EF3814B78D4D0000884E /* MainMenu.xib in Resources */,
				C744E3A014B8337D00078FBB /* Scripts in Resources */,
				C773FEC314BC39C7003338FE /* Shaders in Resources */,
			);
			runOnlyForDeploymentPostprocessing = 0;
		};
		C7FD7B541503979C00F3D000 /* Resources */ = {
			isa = PBXResourcesBuildPhase;
			buildActionMask = 2147483647;
			files = (
				C7FD7B6F1503987A00F3D000 /* InfoPlist.strings in Resources */,
				C7FD7B72150398A200F3D000 /* Scripts in Resources */,
			);
			runOnlyForDeploymentPostprocessing = 0;
		};
/* End PBXResourcesBuildPhase section */

/* Begin PBXShellScriptBuildPhase section */
		C76B904D14FBC5090026A990 /* Generate Bridge Metadata */ = {
			isa = PBXShellScriptBuildPhase;
			buildActionMask = 2147483647;
			files = (
			);
			inputPaths = (
			);
			name = "Generate Bridge Metadata";
			outputPaths = (
			);
			runOnlyForDeploymentPostprocessing = 0;
			shellPath = /bin/sh;
			shellScript = "";
		};
/* End PBXShellScriptBuildPhase section */

/* Begin PBXSourcesBuildPhase section */
		C744E3C414B8464E00078FBB /* Sources */ = {
			isa = PBXSourcesBuildPhase;
			buildActionMask = 2147483647;
			files = (
				C744E3D914B8467200078FBB /* TranquilGraphicsPlugin.m in Sources */,
				C773FEB014BC0EA3003338FE /* PolyPrimitive.m in Sources */,
				C773FEB414BC122D003338FE /* Cube.m in Sources */,
				C773FED714BD7C18003338FE /* Sphere.m in Sources */,
				C773FF0814BFE5D8003338FE /* Plane.m in Sources */,
				C72A6AEA150634D400A8DAA3 /* Particles.m in Sources */,
			);
			runOnlyForDeploymentPostprocessing = 0;
		};
		C744E3E514B84CB400078FBB /* Sources */ = {
			isa = PBXSourcesBuildPhase;
			buildActionMask = 2147483647;
			files = (
				C744E3F714B84CCD00078FBB /* TranquilAudioPlugin.m in Sources */,
				C744E3FD14B84ECD00078FBB /* AudioProcessor.m in Sources */,
			);
			runOnlyForDeploymentPostprocessing = 0;
		};
		C752084D150103C6008400C4 /* Sources */ = {
			isa = PBXSourcesBuildPhase;
			buildActionMask = 2147483647;
			files = (
				C752086515010408008400C4 /* MIDIClock.m in Sources */,
				C752088C15010AD0008400C4 /* TranquilMIDIPlugin.m in Sources */,
			);
			runOnlyForDeploymentPostprocessing = 0;
		};
		C79EF1BB14F530DF00570FB6 /* Sources */ = {
			isa = PBXSourcesBuildPhase;
			buildActionMask = 2147483647;
			files = (
				C72A6AF21506785E00A8DAA3 /* Logger.m in Sources */,
				C79EF1CF14F5319A00570FB6 /* ScriptContext.m in Sources */,
				C79EF1D014F5319C00570FB6 /* Scene.m in Sources */,
				C79EF1D114F5319E00570FB6 /* State.m in Sources */,
				C79EF1D314F531A300570FB6 /* Light.m in Sources */,
				C79EF1D414F531A500570FB6 /* Camera.m in Sources */,
				C79EF1D214F531A100570FB6 /* Shader.m in Sources */,
				C79EF1D514F531AE00570FB6 /* GLMathWrapper.m in Sources */,
				C72A6AEE150643B400A8DAA3 /* Texture.m in Sources */,
			);
			runOnlyForDeploymentPostprocessing = 0;
		};
		C7E2EF1914B78D4C0000884E /* Sources */ = {
			isa = PBXSourcesBuildPhase;
			buildActionMask = 2147483647;
			files = (
				C79EF1F814F5342900570FB6 /* MainView.m in Sources */,
				C79EF1F914F5342900570FB6 /* MainWindowController.m in Sources */,
				C79EF1FA14F5342900570FB6 /* OpenGLLayer.m in Sources */,
				C729B47214F554F100CDEEE4 /* TAppDelegate.m in Sources */,
				C79EF1FB14F5342900570FB6 /* OverlayTextView.m in Sources */,
				C79EF1FC14F5342900570FB6 /* PluginManager.m in Sources */,
				C729B47314F555FA00CDEEE4 /* main.m in Sources */,
			);
			runOnlyForDeploymentPostprocessing = 0;
		};
		C7FD7B521503979C00F3D000 /* Sources */ = {
			isa = PBXSourcesBuildPhase;
			buildActionMask = 2147483647;
			files = (
				C7FD7B761503A67100F3D000 /* TranquilGeneratorsPlugin.m in Sources */,
			);
			runOnlyForDeploymentPostprocessing = 0;
		};
/* End PBXSourcesBuildPhase section */

/* Begin PBXTargetDependency section */
		C75208691501041E008400C4 /* PBXTargetDependency */ = {
			isa = PBXTargetDependency;
			target = C79EF1BF14F530DF00570FB6 /* TranquilCore */;
			targetProxy = C75208681501041E008400C4 /* PBXContainerItemProxy */;
		};
		C752086C1501042E008400C4 /* PBXTargetDependency */ = {
			isa = PBXTargetDependency;
			target = C7520850150103C6008400C4 /* TranquilMIDI */;
			targetProxy = C752086B1501042E008400C4 /* PBXContainerItemProxy */;
		};
		C75208A41501F8DD008400C4 /* PBXTargetDependency */ = {
			isa = PBXTargetDependency;
			name = Framework;
			targetProxy = C75208A31501F8DD008400C4 /* PBXContainerItemProxy */;
		};
		C75208A71501F981008400C4 /* PBXTargetDependency */ = {
			isa = PBXTargetDependency;
			name = Framework;
			targetProxy = C75208A61501F981008400C4 /* PBXContainerItemProxy */;
		};
		C79EF1E814F533B900570FB6 /* PBXTargetDependency */ = {
			isa = PBXTargetDependency;
			target = C79EF1BF14F530DF00570FB6 /* TranquilCore */;
			targetProxy = C79EF1E714F533B900570FB6 /* PBXContainerItemProxy */;
		};
		C79EF1EA14F533C400570FB6 /* PBXTargetDependency */ = {
			isa = PBXTargetDependency;
			target = C79EF1BF14F530DF00570FB6 /* TranquilCore */;
			targetProxy = C79EF1E914F533C400570FB6 /* PBXContainerItemProxy */;
		};
		C79EF1EC14F533CC00570FB6 /* PBXTargetDependency */ = {
			isa = PBXTargetDependency;
			target = C79EF1BF14F530DF00570FB6 /* TranquilCore */;
			targetProxy = C79EF1EB14F533CC00570FB6 /* PBXContainerItemProxy */;
		};
		C7BD147114FBAE6200EFC94A /* PBXTargetDependency */ = {
			isa = PBXTargetDependency;
			target = C744E3E814B84CB400078FBB /* TranquilAudio */;
			targetProxy = C7BD147014FBAE6200EFC94A /* PBXContainerItemProxy */;
		};
		C7BD147314FBAE6400EFC94A /* PBXTargetDependency */ = {
			isa = PBXTargetDependency;
			target = C744E3C714B8464E00078FBB /* TranquilGraphics */;
			targetProxy = C7BD147214FBAE6400EFC94A /* PBXContainerItemProxy */;
		};
		C7FD7B631503982100F3D000 /* PBXTargetDependency */ = {
			isa = PBXTargetDependency;
			target = C79EF1BF14F530DF00570FB6 /* TranquilCore */;
			targetProxy = C7FD7B621503982100F3D000 /* PBXContainerItemProxy */;
		};
/* End PBXTargetDependency section */

/* Begin PBXVariantGroup section */
		C744E3CD14B8464E00078FBB /* InfoPlist.strings */ = {
			isa = PBXVariantGroup;
			children = (
				C744E3CE14B8464E00078FBB /* en */,
			);
			name = InfoPlist.strings;
			sourceTree = "<group>";
		};
		C744E3EE14B84CB400078FBB /* InfoPlist.strings */ = {
			isa = PBXVariantGroup;
			children = (
				C744E3EF14B84CB400078FBB /* en */,
			);
			name = InfoPlist.strings;
			sourceTree = "<group>";
		};
		C752086115010408008400C4 /* InfoPlist.strings */ = {
			isa = PBXVariantGroup;
			children = (
				C752086215010408008400C4 /* en */,
			);
			name = InfoPlist.strings;
			sourceTree = "<group>";
		};
		C79EF1C514F530E000570FB6 /* InfoPlist.strings */ = {
			isa = PBXVariantGroup;
			children = (
				C79EF1C614F530E000570FB6 /* en */,
			);
			name = InfoPlist.strings;
			sourceTree = "<group>";
		};
		C7E2EF2A14B78D4C0000884E /* InfoPlist.strings */ = {
			isa = PBXVariantGroup;
			children = (
				C7E2EF2B14B78D4C0000884E /* en */,
			);
			name = InfoPlist.strings;
			sourceTree = "<group>";
		};
		C7E2EF3014B78D4C0000884E /* Credits.rtf */ = {
			isa = PBXVariantGroup;
			children = (
				C7E2EF3114B78D4C0000884E /* en */,
			);
			name = Credits.rtf;
			sourceTree = "<group>";
		};
		C7E2EF3614B78D4D0000884E /* MainMenu.xib */ = {
			isa = PBXVariantGroup;
			children = (
				C7E2EF3714B78D4D0000884E /* en */,
			);
			name = MainMenu.xib;
			path = "Supporting Files";
			sourceTree = "<group>";
		};
		C7FD7B6A1503987A00F3D000 /* InfoPlist.strings */ = {
			isa = PBXVariantGroup;
			children = (
				C7FD7B6B1503987A00F3D000 /* en */,
			);
			name = InfoPlist.strings;
			sourceTree = "<group>";
		};
/* End PBXVariantGroup section */

/* Begin XCBuildConfiguration section */
		C744E3D214B8464E00078FBB /* Debug */ = {
			isa = XCBuildConfiguration;
			buildSettings = {
				BUNDLE_LOADER = "";
				GCC_PRECOMPILE_PREFIX_HEADER = YES;
				GCC_PREFIX_HEADER = "Tranquil/Plugins/Graphics/Supporting Files/TranquilGraphics-Prefix.pch";
				HEADER_SEARCH_PATHS = "$(inherited)";
				INFOPLIST_FILE = "Tranquil/Plugins/Graphics/Supporting Files/TranquilGraphics-Info.plist";
				INSTALL_PATH = "$(LOCAL_LIBRARY_DIR)/Bundles";
				LIBRARY_SEARCH_PATHS = "$(inherited)";
				PRODUCT_NAME = "$(TARGET_NAME)";
				WRAPPER_EXTENSION = bundle;
			};
			name = Debug;
		};
		C744E3D314B8464E00078FBB /* Release */ = {
			isa = XCBuildConfiguration;
			buildSettings = {
				BUNDLE_LOADER = "";
				GCC_PRECOMPILE_PREFIX_HEADER = YES;
				GCC_PREFIX_HEADER = "Tranquil/Plugins/Graphics/Supporting Files/TranquilGraphics-Prefix.pch";
				HEADER_SEARCH_PATHS = "$(inherited)";
				INFOPLIST_FILE = "Tranquil/Plugins/Graphics/Supporting Files/TranquilGraphics-Info.plist";
				INSTALL_PATH = "$(LOCAL_LIBRARY_DIR)/Bundles";
				LIBRARY_SEARCH_PATHS = "$(inherited)";
				PRODUCT_NAME = "$(TARGET_NAME)";
				WRAPPER_EXTENSION = bundle;
			};
			name = Release;
		};
		C744E3F314B84CB400078FBB /* Debug */ = {
			isa = XCBuildConfiguration;
			buildSettings = {
				BUNDLE_LOADER = "";
				GCC_PRECOMPILE_PREFIX_HEADER = YES;
				GCC_PREFIX_HEADER = "Tranquil/Plugins/Audio/Supporting Files/TranquilAudio-Prefix.pch";
				HEADER_SEARCH_PATHS = (
					"$(inherited)",
					PortAudio/include,
				);
				INFOPLIST_FILE = "Tranquil/Plugins/Audio/Supporting Files/TranquilAudio-Info.plist";
				INSTALL_PATH = "$(LOCAL_LIBRARY_DIR)/Bundles";
				LIBRARY_SEARCH_PATHS = (
					"$(inherited)",
					"\"$(SRCROOT)/PortAudio/lib\"",
				);
				OTHER_LDFLAGS = "";
				PRODUCT_NAME = "$(TARGET_NAME)";
				WRAPPER_EXTENSION = bundle;
			};
			name = Debug;
		};
		C744E3F414B84CB400078FBB /* Release */ = {
			isa = XCBuildConfiguration;
			buildSettings = {
				ARCHS = "$(ARCHS_STANDARD_64_BIT)";
				BUNDLE_LOADER = "";
				GCC_PRECOMPILE_PREFIX_HEADER = YES;
				GCC_PREFIX_HEADER = "Tranquil/Plugins/Audio/Supporting Files/TranquilAudio-Prefix.pch";
				HEADER_SEARCH_PATHS = (
					"$(inherited)",
					PortAudio/include,
				);
				INFOPLIST_FILE = "Tranquil/Plugins/Audio/Supporting Files/TranquilAudio-Info.plist";
				INSTALL_PATH = "$(LOCAL_LIBRARY_DIR)/Bundles";
				LIBRARY_SEARCH_PATHS = (
					"$(inherited)",
					"\"$(SRCROOT)/PortAudio/lib\"",
				);
				OTHER_LDFLAGS = "";
				PRODUCT_NAME = "$(TARGET_NAME)";
				WRAPPER_EXTENSION = bundle;
			};
			name = Release;
		};
		C752085B150103C6008400C4 /* Debug */ = {
			isa = XCBuildConfiguration;
			buildSettings = {
				GCC_PRECOMPILE_PREFIX_HEADER = YES;
				GCC_PREFIX_HEADER = "Tranquil/Plugins/MIDI/Supporting Files/TranquilMIDI-Prefix.pch";
				GCC_WARN_UNINITIALIZED_AUTOS = YES;
				INFOPLIST_FILE = "Tranquil/Plugins/MIDI/Supporting Files/TranquilMIDI-Info.plist";
				INSTALL_PATH = "$(LOCAL_LIBRARY_DIR)/Bundles";
				PRODUCT_NAME = "$(TARGET_NAME)";
				WRAPPER_EXTENSION = bundle;
			};
			name = Debug;
		};
		C752085C150103C6008400C4 /* Release */ = {
			isa = XCBuildConfiguration;
			buildSettings = {
				GCC_PRECOMPILE_PREFIX_HEADER = YES;
				GCC_PREFIX_HEADER = "Tranquil/Plugins/MIDI/Supporting Files/TranquilMIDI-Prefix.pch";
				GCC_WARN_UNINITIALIZED_AUTOS = YES;
				INFOPLIST_FILE = "Tranquil/Plugins/MIDI/Supporting Files/TranquilMIDI-Info.plist";
				INSTALL_PATH = "$(LOCAL_LIBRARY_DIR)/Bundles";
				PRODUCT_NAME = "$(TARGET_NAME)";
				WRAPPER_EXTENSION = bundle;
			};
			name = Release;
		};
		C79EF1CD14F530E000570FB6 /* Debug */ = {
			isa = XCBuildConfiguration;
			buildSettings = {
				DYLIB_COMPATIBILITY_VERSION = 1;
				DYLIB_CURRENT_VERSION = 1;
				FRAMEWORK_VERSION = A;
				GCC_PRECOMPILE_PREFIX_HEADER = YES;
				GCC_PREFIX_HEADER = "Tranquil/Core/Supporting Files/TranquilCore-Prefix.pch";
				GCC_WARN_UNINITIALIZED_AUTOS = YES;
				INFOPLIST_FILE = "Tranquil/Core/Supporting Files/TranquilCore-Info.plist";
				INSTALL_PATH = "@executable_path/../Frameworks";
				PRODUCT_NAME = "$(TARGET_NAME)";
				WRAPPER_EXTENSION = framework;
			};
			name = Debug;
		};
		C79EF1CE14F530E000570FB6 /* Release */ = {
			isa = XCBuildConfiguration;
			buildSettings = {
				DYLIB_COMPATIBILITY_VERSION = 1;
				DYLIB_CURRENT_VERSION = 1;
				FRAMEWORK_VERSION = A;
				GCC_OPTIMIZATION_LEVEL = 1;
				GCC_PRECOMPILE_PREFIX_HEADER = YES;
				GCC_PREFIX_HEADER = "Tranquil/Core/Supporting Files/TranquilCore-Prefix.pch";
				GCC_WARN_UNINITIALIZED_AUTOS = YES;
				INFOPLIST_FILE = "Tranquil/Core/Supporting Files/TranquilCore-Info.plist";
				INSTALL_PATH = "@executable_path/../Frameworks";
				PRODUCT_NAME = "$(TARGET_NAME)";
				WRAPPER_EXTENSION = framework;
			};
			name = Release;
		};
		C7E2EF3914B78D4D0000884E /* Debug */ = {
			isa = XCBuildConfiguration;
			buildSettings = {
				ALWAYS_SEARCH_USER_PATHS = NO;
				ARCHS = "$(ARCHS_STANDARD_64_BIT)";
				COPY_PHASE_STRIP = NO;
				GCC_C_LANGUAGE_STANDARD = gnu99;
				GCC_DYNAMIC_NO_PIC = NO;
				GCC_ENABLE_OBJC_EXCEPTIONS = YES;
				GCC_ENABLE_OBJC_GC = required;
				GCC_OPTIMIZATION_LEVEL = 0;
				GCC_PREPROCESSOR_DEFINITIONS = (
					"DEBUG=1",
					"$(inherited)",
				);
				GCC_SYMBOLS_PRIVATE_EXTERN = NO;
				GCC_VERSION = com.apple.compilers.llvm.clang.1_0;
				GCC_WARN_64_TO_32_BIT_CONVERSION = YES;
				GCC_WARN_ABOUT_MISSING_PROTOTYPES = YES;
				GCC_WARN_ABOUT_RETURN_TYPE = YES;
				GCC_WARN_UNUSED_VARIABLE = YES;
				HEADER_SEARCH_PATHS = GLMath;
				MACOSX_DEPLOYMENT_TARGET = 10.7;
				ONLY_ACTIVE_ARCH = YES;
				SDKROOT = macosx;
			};
			name = Debug;
		};
		C7E2EF3A14B78D4D0000884E /* Release */ = {
			isa = XCBuildConfiguration;
			buildSettings = {
				ALWAYS_SEARCH_USER_PATHS = NO;
				ARCHS = "$(ARCHS_STANDARD_64_BIT)";
				COPY_PHASE_STRIP = YES;
				DEBUG_INFORMATION_FORMAT = "dwarf-with-dsym";
				GCC_C_LANGUAGE_STANDARD = gnu99;
				GCC_ENABLE_OBJC_EXCEPTIONS = YES;
				GCC_ENABLE_OBJC_GC = required;
				GCC_VERSION = com.apple.compilers.llvm.clang.1_0;
				GCC_WARN_64_TO_32_BIT_CONVERSION = YES;
				GCC_WARN_ABOUT_MISSING_PROTOTYPES = YES;
				GCC_WARN_ABOUT_RETURN_TYPE = YES;
				GCC_WARN_UNUSED_VARIABLE = YES;
				HEADER_SEARCH_PATHS = GLMath;
				MACOSX_DEPLOYMENT_TARGET = 10.7;
				ONLY_ACTIVE_ARCH = NO;
				SDKROOT = macosx;
			};
			name = Release;
		};
		C7E2EF3C14B78D4D0000884E /* Debug */ = {
			isa = XCBuildConfiguration;
			buildSettings = {
				EXPORTED_SYMBOLS_FILE = "";
				FRAMEWORK_SEARCH_PATHS = "$(BUILT_PRODUCTS_DIR)";
				GCC_PRECOMPILE_PREFIX_HEADER = YES;
				GCC_PREFIX_HEADER = "Tranquil/Application/Supporting Files/Tranquil-Prefix.pch";
				HEADER_SEARCH_PATHS = "$(inherited)";
				INFOPLIST_FILE = "Tranquil/Application/Supporting Files/Tranquil-Info.plist";
				LIBRARY_SEARCH_PATHS = "$(inherited)";
				OTHER_CFLAGS = "";
				OTHER_LDFLAGS = (
					"-pagezero_size",
					10000,
					"-image_base",
					100000000,
				);
				PRODUCT_NAME = "$(TARGET_NAME)";
				STRIP_STYLE = all;
				WRAPPER_EXTENSION = app;
			};
			name = Debug;
		};
		C7E2EF3D14B78D4D0000884E /* Release */ = {
			isa = XCBuildConfiguration;
			buildSettings = {
				ARCHS = "$(ARCHS_STANDARD_64_BIT)";
				EXPORTED_SYMBOLS_FILE = "";
				FRAMEWORK_SEARCH_PATHS = "$(BUILT_PRODUCTS_DIR)";
				GCC_PRECOMPILE_PREFIX_HEADER = YES;
				GCC_PREFIX_HEADER = "Tranquil/Application/Supporting Files/Tranquil-Prefix.pch";
				GCC_SYMBOLS_PRIVATE_EXTERN = YES;
				HEADER_SEARCH_PATHS = "$(inherited)";
				INFOPLIST_FILE = "Tranquil/Application/Supporting Files/Tranquil-Info.plist";
				LIBRARY_SEARCH_PATHS = "$(inherited)";
				OTHER_CFLAGS = "";
				OTHER_LDFLAGS = (
					"-pagezero_size",
					10000,
					"-image_base",
					100000000,
				);
				PRODUCT_NAME = "$(TARGET_NAME)";
				STRIP_STYLE = all;
				WRAPPER_EXTENSION = app;
			};
			name = Release;
		};
		C7FD7B601503979C00F3D000 /* Debug */ = {
			isa = XCBuildConfiguration;
			buildSettings = {
				GCC_PRECOMPILE_PREFIX_HEADER = YES;
				GCC_PREFIX_HEADER = "Tranquil/Plugins/Generators/Supporting Files/TranquilGenerators-Prefix.pch";
				GCC_WARN_UNINITIALIZED_AUTOS = YES;
				INFOPLIST_FILE = "Tranquil/Plugins/Generators/Supporting Files/TranquilGenerators-Info.plist";
				INSTALL_PATH = "$(LOCAL_LIBRARY_DIR)/Bundles";
				PRODUCT_NAME = "$(TARGET_NAME)";
				WRAPPER_EXTENSION = bundle;
			};
			name = Debug;
		};
		C7FD7B611503979C00F3D000 /* Release */ = {
			isa = XCBuildConfiguration;
			buildSettings = {
				GCC_PRECOMPILE_PREFIX_HEADER = YES;
				GCC_PREFIX_HEADER = "Tranquil/Plugins/Generators/Supporting Files/TranquilGenerators-Prefix.pch";
				GCC_WARN_UNINITIALIZED_AUTOS = YES;
				INFOPLIST_FILE = "Tranquil/Plugins/Generators/Supporting Files/TranquilGenerators-Info.plist";
				INSTALL_PATH = "$(LOCAL_LIBRARY_DIR)/Bundles";
				PRODUCT_NAME = "$(TARGET_NAME)";
				WRAPPER_EXTENSION = bundle;
			};
			name = Release;
		};
/* End XCBuildConfiguration section */

/* Begin XCConfigurationList section */
		C744E3D114B8464E00078FBB /* Build configuration list for PBXNativeTarget "TranquilGraphics" */ = {
			isa = XCConfigurationList;
			buildConfigurations = (
				C744E3D214B8464E00078FBB /* Debug */,
				C744E3D314B8464E00078FBB /* Release */,
			);
			defaultConfigurationIsVisible = 0;
			defaultConfigurationName = Release;
		};
		C744E3F214B84CB400078FBB /* Build configuration list for PBXNativeTarget "TranquilAudio" */ = {
			isa = XCConfigurationList;
			buildConfigurations = (
				C744E3F314B84CB400078FBB /* Debug */,
				C744E3F414B84CB400078FBB /* Release */,
			);
			defaultConfigurationIsVisible = 0;
			defaultConfigurationName = Release;
		};
		C752085A150103C6008400C4 /* Build configuration list for PBXNativeTarget "TranquilMIDI" */ = {
			isa = XCConfigurationList;
			buildConfigurations = (
				C752085B150103C6008400C4 /* Debug */,
				C752085C150103C6008400C4 /* Release */,
			);
			defaultConfigurationIsVisible = 0;
			defaultConfigurationName = Release;
		};
		C79EF1CC14F530E000570FB6 /* Build configuration list for PBXNativeTarget "TranquilCore" */ = {
			isa = XCConfigurationList;
			buildConfigurations = (
				C79EF1CD14F530E000570FB6 /* Debug */,
				C79EF1CE14F530E000570FB6 /* Release */,
			);
			defaultConfigurationIsVisible = 0;
			defaultConfigurationName = Release;
		};
		C7E2EF1714B78D4C0000884E /* Build configuration list for PBXProject "Tranquil" */ = {
			isa = XCConfigurationList;
			buildConfigurations = (
				C7E2EF3914B78D4D0000884E /* Debug */,
				C7E2EF3A14B78D4D0000884E /* Release */,
			);
			defaultConfigurationIsVisible = 0;
			defaultConfigurationName = Release;
		};
		C7E2EF3B14B78D4D0000884E /* Build configuration list for PBXNativeTarget "Tranquil" */ = {
			isa = XCConfigurationList;
			buildConfigurations = (
				C7E2EF3C14B78D4D0000884E /* Debug */,
				C7E2EF3D14B78D4D0000884E /* Release */,
			);
			defaultConfigurationIsVisible = 0;
			defaultConfigurationName = Release;
		};
		C7FD7B5F1503979C00F3D000 /* Build configuration list for PBXNativeTarget "TranquilGenerators" */ = {
			isa = XCConfigurationList;
			buildConfigurations = (
				C7FD7B601503979C00F3D000 /* Debug */,
				C7FD7B611503979C00F3D000 /* Release */,
			);
			defaultConfigurationIsVisible = 0;
			defaultConfigurationName = Release;
		};
/* End XCConfigurationList section */
	};
	rootObject = C7E2EF1414B78D4C0000884E /* Project object */;
}
