// !$*UTF8*$!
{
	archiveVersion = 1;
	classes = {
	};
	objectVersion = 46;
	objects = {

/* Begin PBXAggregateTarget section */
		C701C3D614BBDA9F00DD9C0C /* App&Plugins */ = {
			isa = PBXAggregateTarget;
			buildConfigurationList = C701C3D714BBDA9F00DD9C0C /* Build configuration list for PBXAggregateTarget "App&Plugins" */;
			buildPhases = (
				C773FEF314BFD31C003338FE /* CopyFiles */,
			);
			dependencies = (
				C701C3EA14BBDB7A00DD9C0C /* PBXTargetDependency */,
				C773FEFE14BFD445003338FE /* PBXTargetDependency */,
				C773FF0014BFD44A003338FE /* PBXTargetDependency */,
			);
			name = "App&Plugins";
			productName = "App&Plugins";
		};
/* End PBXAggregateTarget section */

/* Begin PBXBuildFile section */
		C701C3C414BAFAA600DD9C0C /* libluajit-5.1.a in Frameworks */ = {isa = PBXBuildFile; fileRef = C701C3C314BAFAA600DD9C0C /* libluajit-5.1.a */; };
		C701C3C514BAFB2F00DD9C0C /* libluajit-5.1.a in Frameworks */ = {isa = PBXBuildFile; fileRef = C701C3C314BAFAA600DD9C0C /* libluajit-5.1.a */; };
		C701C3C614BAFB3D00DD9C0C /* libluajit-5.1.a in Frameworks */ = {isa = PBXBuildFile; fileRef = C701C3C314BAFAA600DD9C0C /* libluajit-5.1.a */; };
		C701C3CF14BBD87000DD9C0C /* Accelerate.framework in Frameworks */ = {isa = PBXBuildFile; fileRef = C744E42714B8A26D00078FBB /* Accelerate.framework */; };
		C744E3A014B8337D00078FBB /* Scripts in Resources */ = {isa = PBXBuildFile; fileRef = C744E39F14B8337D00078FBB /* Scripts */; };
		C744E3A314B834EF00078FBB /* TScene.m in Sources */ = {isa = PBXBuildFile; fileRef = C744E3A214B834EF00078FBB /* TScene.m */; };
		C744E3C914B8464E00078FBB /* Cocoa.framework in Frameworks */ = {isa = PBXBuildFile; fileRef = C7E2EF2114B78D4C0000884E /* Cocoa.framework */; };
		C744E3CF14B8464E00078FBB /* InfoPlist.strings in Resources */ = {isa = PBXBuildFile; fileRef = C744E3CD14B8464E00078FBB /* InfoPlist.strings */; };
		C744E3D914B8467200078FBB /* TGraphicsPlugin.m in Sources */ = {isa = PBXBuildFile; fileRef = C744E3D814B8467200078FBB /* TGraphicsPlugin.m */; };
		C744E3E314B847AE00078FBB /* TPluginManager.m in Sources */ = {isa = PBXBuildFile; fileRef = C744E3E214B847AD00078FBB /* TPluginManager.m */; };
		C744E3EA14B84CB400078FBB /* Cocoa.framework in Frameworks */ = {isa = PBXBuildFile; fileRef = C7E2EF2114B78D4C0000884E /* Cocoa.framework */; };
		C744E3F014B84CB400078FBB /* InfoPlist.strings in Resources */ = {isa = PBXBuildFile; fileRef = C744E3EE14B84CB400078FBB /* InfoPlist.strings */; };
		C744E3F714B84CCD00078FBB /* TAudioPlugin.m in Sources */ = {isa = PBXBuildFile; fileRef = C744E3F614B84CCD00078FBB /* TAudioPlugin.m */; };
		C744E3FD14B84ECD00078FBB /* TAudioProcessor.m in Sources */ = {isa = PBXBuildFile; fileRef = C744E3FC14B84ECD00078FBB /* TAudioProcessor.m */; };
		C744E3FF14B8502500078FBB /* CoreAudio.framework in Frameworks */ = {isa = PBXBuildFile; fileRef = C744E3FE14B8502500078FBB /* CoreAudio.framework */; };
		C744E40114B851CC00078FBB /* AudioUnit.framework in Frameworks */ = {isa = PBXBuildFile; fileRef = C744E40014B851CB00078FBB /* AudioUnit.framework */; };
		C744E42414B8903500078FBB /* libportaudio.a in Frameworks */ = {isa = PBXBuildFile; fileRef = C744E42314B8903500078FBB /* libportaudio.a */; };
		C744E42614B8905A00078FBB /* AudioToolbox.framework in Frameworks */ = {isa = PBXBuildFile; fileRef = C744E42514B8905A00078FBB /* AudioToolbox.framework */; };
		C744E42A14B8A49200078FBB /* Accelerate.framework in Frameworks */ = {isa = PBXBuildFile; fileRef = C744E42714B8A26D00078FBB /* Accelerate.framework */; };
		C74B3A9914B7E280006741C4 /* TScriptContext.m in Sources */ = {isa = PBXBuildFile; fileRef = C74B3A9814B7E280006741C4 /* TScriptContext.m */; };
		C760C50414B7AFA600451951 /* OpenGL.framework in Frameworks */ = {isa = PBXBuildFile; fileRef = C760C4F514B7AE1700451951 /* OpenGL.framework */; };
		C773FEB014BC0EA3003338FE /* TPrimitive.m in Sources */ = {isa = PBXBuildFile; fileRef = C773FEAF14BC0EA3003338FE /* TPrimitive.m */; };
		C773FEB114BC11A9003338FE /* OpenGL.framework in Frameworks */ = {isa = PBXBuildFile; fileRef = C760C4F514B7AE1700451951 /* OpenGL.framework */; };
		C773FEB414BC122D003338FE /* TCube.m in Sources */ = {isa = PBXBuildFile; fileRef = C773FEB314BC122D003338FE /* TCube.m */; };
		C773FEB714BC1F00003338FE /* TShader.m in Sources */ = {isa = PBXBuildFile; fileRef = C773FEB614BC1F00003338FE /* TShader.m */; };
		C773FEBA14BC21D2003338FE /* TState.m in Sources */ = {isa = PBXBuildFile; fileRef = C773FEB914BC21D2003338FE /* TState.m */; };
		C773FEBD14BC27D7003338FE /* TLight.m in Sources */ = {isa = PBXBuildFile; fileRef = C773FEBC14BC27D7003338FE /* TLight.m */; };
		C773FEC314BC39C7003338FE /* Shaders in Resources */ = {isa = PBXBuildFile; fileRef = C773FEBE14BC397A003338FE /* Shaders */; };
		C773FED314BD440B003338FE /* TOpenGLLayer.m in Sources */ = {isa = PBXBuildFile; fileRef = C773FED214BD440A003338FE /* TOpenGLLayer.m */; };
		C773FED414BD50B8003338FE /* Accelerate.framework in Frameworks */ = {isa = PBXBuildFile; fileRef = C744E42714B8A26D00078FBB /* Accelerate.framework */; };
		C773FED714BD7C18003338FE /* TSphere.m in Sources */ = {isa = PBXBuildFile; fileRef = C773FED614BD7C18003338FE /* TSphere.m */; };
		C773FEDA14BE7318003338FE /* TCamera.m in Sources */ = {isa = PBXBuildFile; fileRef = C773FED914BE7316003338FE /* TCamera.m */; };
		C773FEE914BFB11D003338FE /* TShared.m in Sources */ = {isa = PBXBuildFile; fileRef = C773FEE814BFB11D003338FE /* TShared.m */; };
		C773FF0114BFD450003338FE /* TranquilAudio.bundle in CopyFiles */ = {isa = PBXBuildFile; fileRef = C744E3E914B84CB400078FBB /* TranquilAudio.bundle */; };
		C773FF0214BFD451003338FE /* TranquilGraphics.bundle in CopyFiles */ = {isa = PBXBuildFile; fileRef = C744E3C814B8464E00078FBB /* TranquilGraphics.bundle */; };
		C773FF0514BFDDB7003338FE /* libglmath.a in Frameworks */ = {isa = PBXBuildFile; fileRef = C786048514BA5C3C006ED999 /* libglmath.a */; };
		C773FF0814BFE5D8003338FE /* TPlane.m in Sources */ = {isa = PBXBuildFile; fileRef = C773FF0714BFE5D8003338FE /* TPlane.m */; };
		C786048814BA5C5E006ED999 /* libglmath.a in Frameworks */ = {isa = PBXBuildFile; fileRef = C786048514BA5C3C006ED999 /* libglmath.a */; };
		C786048B14BA5C6E006ED999 /* libglmath.a in Frameworks */ = {isa = PBXBuildFile; fileRef = C786048514BA5C3C006ED999 /* libglmath.a */; };
		C7AA4F5C14B7BFF6008577CD /* TOverlayTextView.m in Sources */ = {isa = PBXBuildFile; fileRef = C7AA4F5B14B7BFF6008577CD /* TOverlayTextView.m */; };
		C7E2EF2214B78D4C0000884E /* Cocoa.framework in Frameworks */ = {isa = PBXBuildFile; fileRef = C7E2EF2114B78D4C0000884E /* Cocoa.framework */; };
		C7E2EF2C14B78D4C0000884E /* InfoPlist.strings in Resources */ = {isa = PBXBuildFile; fileRef = C7E2EF2A14B78D4C0000884E /* InfoPlist.strings */; };
		C7E2EF2E14B78D4C0000884E /* main.m in Sources */ = {isa = PBXBuildFile; fileRef = C7E2EF2D14B78D4C0000884E /* main.m */; };
		C7E2EF3214B78D4C0000884E /* Credits.rtf in Resources */ = {isa = PBXBuildFile; fileRef = C7E2EF3014B78D4C0000884E /* Credits.rtf */; };
		C7E2EF3514B78D4D0000884E /* TAppDelegate.m in Sources */ = {isa = PBXBuildFile; fileRef = C7E2EF3414B78D4D0000884E /* TAppDelegate.m */; };
		C7E2EF3814B78D4D0000884E /* MainMenu.xib in Resources */ = {isa = PBXBuildFile; fileRef = C7E2EF3614B78D4D0000884E /* MainMenu.xib */; };
		C7E2EFA114B78EC80000884E /* TMainWindowController.m in Sources */ = {isa = PBXBuildFile; fileRef = C7E2EFA014B78EC80000884E /* TMainWindowController.m */; };
		C7E2EFA414B78F7D0000884E /* TMainView.m in Sources */ = {isa = PBXBuildFile; fileRef = C7E2EFA314B78F7D0000884E /* TMainView.m */; };
/* End PBXBuildFile section */

/* Begin PBXContainerItemProxy section */
		C701C3E914BBDB7A00DD9C0C /* PBXContainerItemProxy */ = {
			isa = PBXContainerItemProxy;
			containerPortal = C7E2EF1414B78D4C0000884E /* Project object */;
			proxyType = 1;
			remoteGlobalIDString = C7E2EF1C14B78D4C0000884E;
			remoteInfo = Tranquil;
		};
		C773FEF914BFD435003338FE /* PBXContainerItemProxy */ = {
			isa = PBXContainerItemProxy;
			containerPortal = C7E2EF1414B78D4C0000884E /* Project object */;
			proxyType = 1;
			remoteGlobalIDString = C7E2EF1C14B78D4C0000884E;
			remoteInfo = Tranquil;
		};
		C773FEFB14BFD438003338FE /* PBXContainerItemProxy */ = {
			isa = PBXContainerItemProxy;
			containerPortal = C7E2EF1414B78D4C0000884E /* Project object */;
			proxyType = 1;
			remoteGlobalIDString = C7E2EF1C14B78D4C0000884E;
			remoteInfo = Tranquil;
		};
		C773FEFD14BFD445003338FE /* PBXContainerItemProxy */ = {
			isa = PBXContainerItemProxy;
			containerPortal = C7E2EF1414B78D4C0000884E /* Project object */;
			proxyType = 1;
			remoteGlobalIDString = C744E3E814B84CB400078FBB;
			remoteInfo = TranquilAudio;
		};
		C773FEFF14BFD44A003338FE /* PBXContainerItemProxy */ = {
			isa = PBXContainerItemProxy;
			containerPortal = C7E2EF1414B78D4C0000884E /* Project object */;
			proxyType = 1;
			remoteGlobalIDString = C744E3C714B8464E00078FBB;
			remoteInfo = TranquilGraphics;
		};
		C773FF0314BFDDAE003338FE /* PBXContainerItemProxy */ = {
			isa = PBXContainerItemProxy;
			containerPortal = C786047D14BA5C3B006ED999 /* GLMath.xcodeproj */;
			proxyType = 1;
			remoteGlobalIDString = C70EA30214AC9780009D29C6;
			remoteInfo = glmath;
		};
		C786048414BA5C3C006ED999 /* PBXContainerItemProxy */ = {
			isa = PBXContainerItemProxy;
			containerPortal = C786047D14BA5C3B006ED999 /* GLMath.xcodeproj */;
			proxyType = 2;
			remoteGlobalIDString = C70EA30314AC9780009D29C6;
			remoteInfo = glmath;
		};
		C786048614BA5C57006ED999 /* PBXContainerItemProxy */ = {
			isa = PBXContainerItemProxy;
			containerPortal = C786047D14BA5C3B006ED999 /* GLMath.xcodeproj */;
			proxyType = 1;
			remoteGlobalIDString = C70EA30214AC9780009D29C6;
			remoteInfo = glmath;
		};
		C786048914BA5C6C006ED999 /* PBXContainerItemProxy */ = {
			isa = PBXContainerItemProxy;
			containerPortal = C786047D14BA5C3B006ED999 /* GLMath.xcodeproj */;
			proxyType = 1;
			remoteGlobalIDString = C70EA30214AC9780009D29C6;
			remoteInfo = glmath;
		};
/* End PBXContainerItemProxy section */

/* Begin PBXCopyFilesBuildPhase section */
		C773FEF314BFD31C003338FE /* CopyFiles */ = {
			isa = PBXCopyFilesBuildPhase;
			buildActionMask = 12;
			dstPath = Tranquil.app/Contents/Plugins;
			dstSubfolderSpec = 16;
			files = (
				C773FF0114BFD450003338FE /* TranquilAudio.bundle in CopyFiles */,
				C773FF0214BFD451003338FE /* TranquilGraphics.bundle in CopyFiles */,
			);
			runOnlyForDeploymentPostprocessing = 0;
		};
		C7E2F0D714B798740000884E /* Copy Frameworks */ = {
			isa = PBXCopyFilesBuildPhase;
			buildActionMask = 2147483647;
			dstPath = "";
			dstSubfolderSpec = 10;
			files = (
			);
			name = "Copy Frameworks";
			runOnlyForDeploymentPostprocessing = 0;
		};
/* End PBXCopyFilesBuildPhase section */

/* Begin PBXFileReference section */
		C701C3C314BAFAA600DD9C0C /* libluajit-5.1.a */ = {isa = PBXFileReference; lastKnownFileType = archive.ar; name = "libluajit-5.1.a"; path = "LuaJIT-2.0.0-beta9/build/lib/libluajit-5.1.a"; sourceTree = "<group>"; };
		C701C3C714BBBF4000DD9C0C /* ExportedSymbols.exp */ = {isa = PBXFileReference; fileEncoding = 4; lastKnownFileType = sourcecode.exports; path = ExportedSymbols.exp; sourceTree = "<group>"; xcLanguageSpecificationIdentifier = xcode.lang.c; };
		C744E39F14B8337D00078FBB /* Scripts */ = {isa = PBXFileReference; lastKnownFileType = folder; path = Scripts; sourceTree = "<group>"; };
		C744E3A114B834EF00078FBB /* TScene.h */ = {isa = PBXFileReference; fileEncoding = 4; lastKnownFileType = sourcecode.c.h; path = TScene.h; sourceTree = "<group>"; };
		C744E3A214B834EF00078FBB /* TScene.m */ = {isa = PBXFileReference; fileEncoding = 4; lastKnownFileType = sourcecode.c.objc; path = TScene.m; sourceTree = "<group>"; };
		C744E3C814B8464E00078FBB /* TranquilGraphics.bundle */ = {isa = PBXFileReference; explicitFileType = wrapper.cfbundle; includeInIndex = 0; path = TranquilGraphics.bundle; sourceTree = BUILT_PRODUCTS_DIR; };
		C744E3CC14B8464E00078FBB /* TranquilGraphics-Info.plist */ = {isa = PBXFileReference; lastKnownFileType = text.plist.xml; path = "TranquilGraphics-Info.plist"; sourceTree = "<group>"; };
		C744E3CE14B8464E00078FBB /* en */ = {isa = PBXFileReference; lastKnownFileType = text.plist.strings; name = en; path = en.lproj/InfoPlist.strings; sourceTree = "<group>"; };
		C744E3D014B8464E00078FBB /* TranquilGraphics-Prefix.pch */ = {isa = PBXFileReference; lastKnownFileType = sourcecode.c.h; path = "TranquilGraphics-Prefix.pch"; sourceTree = "<group>"; };
		C744E3D714B8467200078FBB /* TGraphicsPlugin.h */ = {isa = PBXFileReference; fileEncoding = 4; lastKnownFileType = sourcecode.c.h; path = TGraphicsPlugin.h; sourceTree = "<group>"; };
		C744E3D814B8467200078FBB /* TGraphicsPlugin.m */ = {isa = PBXFileReference; fileEncoding = 4; lastKnownFileType = sourcecode.c.objc; path = TGraphicsPlugin.m; sourceTree = "<group>"; };
		C744E3DA14B8468F00078FBB /* TPlugin.h */ = {isa = PBXFileReference; fileEncoding = 4; lastKnownFileType = sourcecode.c.h; path = TPlugin.h; sourceTree = "<group>"; };
		C744E3E114B847AD00078FBB /* TPluginManager.h */ = {isa = PBXFileReference; fileEncoding = 4; lastKnownFileType = sourcecode.c.h; path = TPluginManager.h; sourceTree = "<group>"; };
		C744E3E214B847AD00078FBB /* TPluginManager.m */ = {isa = PBXFileReference; fileEncoding = 4; lastKnownFileType = sourcecode.c.objc; path = TPluginManager.m; sourceTree = "<group>"; };
		C744E3E914B84CB400078FBB /* TranquilAudio.bundle */ = {isa = PBXFileReference; explicitFileType = wrapper.cfbundle; includeInIndex = 0; path = TranquilAudio.bundle; sourceTree = BUILT_PRODUCTS_DIR; };
		C744E3ED14B84CB400078FBB /* TranquilAudio-Info.plist */ = {isa = PBXFileReference; lastKnownFileType = text.plist.xml; path = "TranquilAudio-Info.plist"; sourceTree = "<group>"; };
		C744E3EF14B84CB400078FBB /* en */ = {isa = PBXFileReference; lastKnownFileType = text.plist.strings; name = en; path = en.lproj/InfoPlist.strings; sourceTree = "<group>"; };
		C744E3F114B84CB400078FBB /* TranquilAudio-Prefix.pch */ = {isa = PBXFileReference; lastKnownFileType = sourcecode.c.h; path = "TranquilAudio-Prefix.pch"; sourceTree = "<group>"; };
		C744E3F514B84CCD00078FBB /* TAudioPlugin.h */ = {isa = PBXFileReference; fileEncoding = 4; lastKnownFileType = sourcecode.c.h; path = TAudioPlugin.h; sourceTree = "<group>"; };
		C744E3F614B84CCD00078FBB /* TAudioPlugin.m */ = {isa = PBXFileReference; fileEncoding = 4; lastKnownFileType = sourcecode.c.objc; path = TAudioPlugin.m; sourceTree = "<group>"; };
		C744E3FB14B84ECD00078FBB /* TAudioProcessor.h */ = {isa = PBXFileReference; fileEncoding = 4; lastKnownFileType = sourcecode.c.h; path = TAudioProcessor.h; sourceTree = "<group>"; };
		C744E3FC14B84ECD00078FBB /* TAudioProcessor.m */ = {isa = PBXFileReference; fileEncoding = 4; lastKnownFileType = sourcecode.c.objc; path = TAudioProcessor.m; sourceTree = "<group>"; };
		C744E3FE14B8502500078FBB /* CoreAudio.framework */ = {isa = PBXFileReference; lastKnownFileType = wrapper.framework; name = CoreAudio.framework; path = System/Library/Frameworks/CoreAudio.framework; sourceTree = SDKROOT; };
		C744E40014B851CB00078FBB /* AudioUnit.framework */ = {isa = PBXFileReference; lastKnownFileType = wrapper.framework; name = AudioUnit.framework; path = System/Library/Frameworks/AudioUnit.framework; sourceTree = SDKROOT; };
		C744E42314B8903500078FBB /* libportaudio.a */ = {isa = PBXFileReference; lastKnownFileType = archive.ar; name = libportaudio.a; path = PortAudio/lib/libportaudio.a; sourceTree = SOURCE_ROOT; };
		C744E42514B8905A00078FBB /* AudioToolbox.framework */ = {isa = PBXFileReference; lastKnownFileType = wrapper.framework; name = AudioToolbox.framework; path = System/Library/Frameworks/AudioToolbox.framework; sourceTree = SDKROOT; };
		C744E42714B8A26D00078FBB /* Accelerate.framework */ = {isa = PBXFileReference; lastKnownFileType = wrapper.framework; name = Accelerate.framework; path = System/Library/Frameworks/Accelerate.framework; sourceTree = SDKROOT; };
		C74B3A9714B7E280006741C4 /* TScriptContext.h */ = {isa = PBXFileReference; fileEncoding = 4; lastKnownFileType = sourcecode.c.h; path = TScriptContext.h; sourceTree = "<group>"; };
		C74B3A9814B7E280006741C4 /* TScriptContext.m */ = {isa = PBXFileReference; fileEncoding = 4; lastKnownFileType = sourcecode.c.objc; path = TScriptContext.m; sourceTree = "<group>"; };
		C74B3A9B14B80AA1006741C4 /* CoreVideo.framework */ = {isa = PBXFileReference; lastKnownFileType = wrapper.framework; name = CoreVideo.framework; path = System/Library/Frameworks/CoreVideo.framework; sourceTree = SDKROOT; };
		C760C4F514B7AE1700451951 /* OpenGL.framework */ = {isa = PBXFileReference; lastKnownFileType = wrapper.framework; name = OpenGL.framework; path = System/Library/Frameworks/OpenGL.framework; sourceTree = SDKROOT; };
		C773FEAE14BC0EA3003338FE /* TPrimitive.h */ = {isa = PBXFileReference; fileEncoding = 4; lastKnownFileType = sourcecode.c.h; path = TPrimitive.h; sourceTree = "<group>"; };
		C773FEAF14BC0EA3003338FE /* TPrimitive.m */ = {isa = PBXFileReference; fileEncoding = 4; lastKnownFileType = sourcecode.c.objc; path = TPrimitive.m; sourceTree = "<group>"; };
		C773FEB214BC122D003338FE /* TCube.h */ = {isa = PBXFileReference; fileEncoding = 4; lastKnownFileType = sourcecode.c.h; path = TCube.h; sourceTree = "<group>"; };
		C773FEB314BC122D003338FE /* TCube.m */ = {isa = PBXFileReference; fileEncoding = 4; lastKnownFileType = sourcecode.c.objc; path = TCube.m; sourceTree = "<group>"; };
		C773FEB514BC1F00003338FE /* TShader.h */ = {isa = PBXFileReference; fileEncoding = 4; lastKnownFileType = sourcecode.c.h; path = TShader.h; sourceTree = "<group>"; };
		C773FEB614BC1F00003338FE /* TShader.m */ = {isa = PBXFileReference; fileEncoding = 4; lastKnownFileType = sourcecode.c.objc; path = TShader.m; sourceTree = "<group>"; };
		C773FEB814BC21D2003338FE /* TState.h */ = {isa = PBXFileReference; fileEncoding = 4; lastKnownFileType = sourcecode.c.h; path = TState.h; sourceTree = "<group>"; };
		C773FEB914BC21D2003338FE /* TState.m */ = {isa = PBXFileReference; fileEncoding = 4; lastKnownFileType = sourcecode.c.objc; path = TState.m; sourceTree = "<group>"; };
		C773FEBB14BC27D7003338FE /* TLight.h */ = {isa = PBXFileReference; fileEncoding = 4; lastKnownFileType = sourcecode.c.h; path = TLight.h; sourceTree = "<group>"; };
		C773FEBC14BC27D7003338FE /* TLight.m */ = {isa = PBXFileReference; fileEncoding = 4; lastKnownFileType = sourcecode.c.objc; path = TLight.m; sourceTree = "<group>"; };
		C773FEBE14BC397A003338FE /* Shaders */ = {isa = PBXFileReference; lastKnownFileType = folder; path = Shaders; sourceTree = "<group>"; };
		C773FECC14BD11D6003338FE /* TGLErrorChecking.h */ = {isa = PBXFileReference; lastKnownFileType = sourcecode.c.h; path = TGLErrorChecking.h; sourceTree = "<group>"; };
		C773FED114BD440A003338FE /* TOpenGLLayer.h */ = {isa = PBXFileReference; fileEncoding = 4; lastKnownFileType = sourcecode.c.h; path = TOpenGLLayer.h; sourceTree = "<group>"; };
		C773FED214BD440A003338FE /* TOpenGLLayer.m */ = {isa = PBXFileReference; fileEncoding = 4; lastKnownFileType = sourcecode.c.objc; path = TOpenGLLayer.m; sourceTree = "<group>"; };
		C773FED514BD7C18003338FE /* TSphere.h */ = {isa = PBXFileReference; fileEncoding = 4; lastKnownFileType = sourcecode.c.h; path = TSphere.h; sourceTree = "<group>"; };
		C773FED614BD7C18003338FE /* TSphere.m */ = {isa = PBXFileReference; fileEncoding = 4; lastKnownFileType = sourcecode.c.objc; path = TSphere.m; sourceTree = "<group>"; };
		C773FED814BE7315003338FE /* TCamera.h */ = {isa = PBXFileReference; fileEncoding = 4; lastKnownFileType = sourcecode.c.h; path = TCamera.h; sourceTree = "<group>"; };
		C773FED914BE7316003338FE /* TCamera.m */ = {isa = PBXFileReference; fileEncoding = 4; lastKnownFileType = sourcecode.c.objc; path = TCamera.m; sourceTree = "<group>"; };
		C773FEE714BFB0E3003338FE /* TShared.h */ = {isa = PBXFileReference; lastKnownFileType = sourcecode.c.h; path = TShared.h; sourceTree = "<group>"; };
		C773FEE814BFB11D003338FE /* TShared.m */ = {isa = PBXFileReference; fileEncoding = 4; lastKnownFileType = sourcecode.c.objc; path = TShared.m; sourceTree = "<group>"; };
		C773FF0614BFE5D7003338FE /* TPlane.h */ = {isa = PBXFileReference; fileEncoding = 4; lastKnownFileType = sourcecode.c.h; path = TPlane.h; sourceTree = "<group>"; };
		C773FF0714BFE5D8003338FE /* TPlane.m */ = {isa = PBXFileReference; fileEncoding = 4; lastKnownFileType = sourcecode.c.objc; path = TPlane.m; sourceTree = "<group>"; };
		C786047D14BA5C3B006ED999 /* GLMath.xcodeproj */ = {isa = PBXFileReference; lastKnownFileType = "wrapper.pb-project"; name = GLMath.xcodeproj; path = GLMath/GLMath.xcodeproj; sourceTree = "<group>"; };
		C7AA4F5A14B7BFF6008577CD /* TOverlayTextView.h */ = {isa = PBXFileReference; fileEncoding = 4; lastKnownFileType = sourcecode.c.h; path = TOverlayTextView.h; sourceTree = "<group>"; };
		C7AA4F5B14B7BFF6008577CD /* TOverlayTextView.m */ = {isa = PBXFileReference; fileEncoding = 4; lastKnownFileType = sourcecode.c.objc; path = TOverlayTextView.m; sourceTree = "<group>"; };
		C7E2EF1D14B78D4C0000884E /* Tranquil.app */ = {isa = PBXFileReference; explicitFileType = wrapper.application; includeInIndex = 0; path = Tranquil.app; sourceTree = BUILT_PRODUCTS_DIR; };
		C7E2EF2114B78D4C0000884E /* Cocoa.framework */ = {isa = PBXFileReference; lastKnownFileType = wrapper.framework; name = Cocoa.framework; path = System/Library/Frameworks/Cocoa.framework; sourceTree = SDKROOT; };
		C7E2EF2414B78D4C0000884E /* AppKit.framework */ = {isa = PBXFileReference; lastKnownFileType = wrapper.framework; name = AppKit.framework; path = System/Library/Frameworks/AppKit.framework; sourceTree = SDKROOT; };
		C7E2EF2514B78D4C0000884E /* CoreData.framework */ = {isa = PBXFileReference; lastKnownFileType = wrapper.framework; name = CoreData.framework; path = System/Library/Frameworks/CoreData.framework; sourceTree = SDKROOT; };
		C7E2EF2614B78D4C0000884E /* Foundation.framework */ = {isa = PBXFileReference; lastKnownFileType = wrapper.framework; name = Foundation.framework; path = System/Library/Frameworks/Foundation.framework; sourceTree = SDKROOT; };
		C7E2EF2914B78D4C0000884E /* Tranquil-Info.plist */ = {isa = PBXFileReference; lastKnownFileType = text.plist.xml; path = "Tranquil-Info.plist"; sourceTree = "<group>"; };
		C7E2EF2B14B78D4C0000884E /* en */ = {isa = PBXFileReference; lastKnownFileType = text.plist.strings; name = en; path = en.lproj/InfoPlist.strings; sourceTree = "<group>"; };
		C7E2EF2D14B78D4C0000884E /* main.m */ = {isa = PBXFileReference; lastKnownFileType = sourcecode.c.objc; path = main.m; sourceTree = "<group>"; };
		C7E2EF2F14B78D4C0000884E /* Tranquil-Prefix.pch */ = {isa = PBXFileReference; lastKnownFileType = sourcecode.c.h; path = "Tranquil-Prefix.pch"; sourceTree = "<group>"; };
		C7E2EF3114B78D4C0000884E /* en */ = {isa = PBXFileReference; lastKnownFileType = text.rtf; name = en; path = en.lproj/Credits.rtf; sourceTree = "<group>"; };
		C7E2EF3314B78D4C0000884E /* TAppDelegate.h */ = {isa = PBXFileReference; lastKnownFileType = sourcecode.c.h; lineEnding = 0; path = TAppDelegate.h; sourceTree = "<group>"; xcLanguageSpecificationIdentifier = xcode.lang.objcpp; };
		C7E2EF3414B78D4D0000884E /* TAppDelegate.m */ = {isa = PBXFileReference; lastKnownFileType = sourcecode.c.objc; path = TAppDelegate.m; sourceTree = "<group>"; };
		C7E2EF3714B78D4D0000884E /* en */ = {isa = PBXFileReference; lastKnownFileType = file.xib; name = en; path = en.lproj/MainMenu.xib; sourceTree = "<group>"; };
		C7E2EF9F14B78EC80000884E /* TMainWindowController.h */ = {isa = PBXFileReference; fileEncoding = 4; lastKnownFileType = sourcecode.c.h; lineEnding = 0; path = TMainWindowController.h; sourceTree = "<group>"; xcLanguageSpecificationIdentifier = xcode.lang.objcpp; };
		C7E2EFA014B78EC80000884E /* TMainWindowController.m */ = {isa = PBXFileReference; fileEncoding = 4; lastKnownFileType = sourcecode.c.objc; lineEnding = 0; path = TMainWindowController.m; sourceTree = "<group>"; xcLanguageSpecificationIdentifier = xcode.lang.objc; };
		C7E2EFA214B78F7D0000884E /* TMainView.h */ = {isa = PBXFileReference; fileEncoding = 4; lastKnownFileType = sourcecode.c.h; path = TMainView.h; sourceTree = "<group>"; };
		C7E2EFA314B78F7D0000884E /* TMainView.m */ = {isa = PBXFileReference; fileEncoding = 4; lastKnownFileType = sourcecode.c.objc; path = TMainView.m; sourceTree = "<group>"; };
/* End PBXFileReference section */

/* Begin PBXFrameworksBuildPhase section */
		C744E3C514B8464E00078FBB /* Frameworks */ = {
			isa = PBXFrameworksBuildPhase;
			buildActionMask = 2147483647;
			files = (
				C773FED414BD50B8003338FE /* Accelerate.framework in Frameworks */,
				C773FEB114BC11A9003338FE /* OpenGL.framework in Frameworks */,
				C701C3C514BAFB2F00DD9C0C /* libluajit-5.1.a in Frameworks */,
				C744E3C914B8464E00078FBB /* Cocoa.framework in Frameworks */,
				C786048B14BA5C6E006ED999 /* libglmath.a in Frameworks */,
			);
			runOnlyForDeploymentPostprocessing = 0;
		};
		C744E3E614B84CB400078FBB /* Frameworks */ = {
			isa = PBXFrameworksBuildPhase;
			buildActionMask = 2147483647;
			files = (
				C773FF0514BFDDB7003338FE /* libglmath.a in Frameworks */,
				C701C3C614BAFB3D00DD9C0C /* libluajit-5.1.a in Frameworks */,
				C744E42A14B8A49200078FBB /* Accelerate.framework in Frameworks */,
				C744E42614B8905A00078FBB /* AudioToolbox.framework in Frameworks */,
				C744E40114B851CC00078FBB /* AudioUnit.framework in Frameworks */,
				C744E3FF14B8502500078FBB /* CoreAudio.framework in Frameworks */,
				C744E3EA14B84CB400078FBB /* Cocoa.framework in Frameworks */,
				C744E42414B8903500078FBB /* libportaudio.a in Frameworks */,
			);
			runOnlyForDeploymentPostprocessing = 0;
		};
		C7E2EF1A14B78D4C0000884E /* Frameworks */ = {
			isa = PBXFrameworksBuildPhase;
			buildActionMask = 2147483647;
			files = (
				C701C3CF14BBD87000DD9C0C /* Accelerate.framework in Frameworks */,
				C701C3C414BAFAA600DD9C0C /* libluajit-5.1.a in Frameworks */,
				C760C50414B7AFA600451951 /* OpenGL.framework in Frameworks */,
				C7E2EF2214B78D4C0000884E /* Cocoa.framework in Frameworks */,
				C786048814BA5C5E006ED999 /* libglmath.a in Frameworks */,
			);
			runOnlyForDeploymentPostprocessing = 0;
		};
/* End PBXFrameworksBuildPhase section */

/* Begin PBXGroup section */
		C744E3CA14B8464E00078FBB /* TranquilGraphics */ = {
			isa = PBXGroup;
			children = (
			);
			path = TranquilGraphics;
			sourceTree = "<group>";
		};
		C744E3CB14B8464E00078FBB /* Supporting Files */ = {
			isa = PBXGroup;
			children = (
				C744E3CC14B8464E00078FBB /* TranquilGraphics-Info.plist */,
				C744E3CD14B8464E00078FBB /* InfoPlist.strings */,
				C744E3D014B8464E00078FBB /* TranquilGraphics-Prefix.pch */,
			);
			path = "Supporting Files";
			sourceTree = "<group>";
		};
		C744E3D614B8466500078FBB /* Graphics */ = {
			isa = PBXGroup;
			children = (
				C744E3D714B8467200078FBB /* TGraphicsPlugin.h */,
				C744E3D814B8467200078FBB /* TGraphicsPlugin.m */,
				C773FEAE14BC0EA3003338FE /* TPrimitive.h */,
				C773FEAF14BC0EA3003338FE /* TPrimitive.m */,
				C773FEB214BC122D003338FE /* TCube.h */,
				C773FEB314BC122D003338FE /* TCube.m */,
				C773FED514BD7C18003338FE /* TSphere.h */,
				C773FED614BD7C18003338FE /* TSphere.m */,
				C773FF0614BFE5D7003338FE /* TPlane.h */,
				C773FF0714BFE5D8003338FE /* TPlane.m */,
				C744E3CB14B8464E00078FBB /* Supporting Files */,
			);
			name = Graphics;
			path = Plugins/Graphics;
			sourceTree = "<group>";
		};
		C744E3E414B84C9C00078FBB /* Audio */ = {
			isa = PBXGroup;
			children = (
				C744E3F514B84CCD00078FBB /* TAudioPlugin.h */,
				C744E3F614B84CCD00078FBB /* TAudioPlugin.m */,
				C744E3FB14B84ECD00078FBB /* TAudioProcessor.h */,
				C744E3FC14B84ECD00078FBB /* TAudioProcessor.m */,
				C744E3EC14B84CB400078FBB /* Supporting Files */,
			);
			name = Audio;
			path = Plugins/Audio;
			sourceTree = "<group>";
		};
		C744E3EB14B84CB400078FBB /* TranquilAudio */ = {
			isa = PBXGroup;
			children = (
			);
			path = TranquilAudio;
			sourceTree = "<group>";
		};
		C744E3EC14B84CB400078FBB /* Supporting Files */ = {
			isa = PBXGroup;
			children = (
				C744E42314B8903500078FBB /* libportaudio.a */,
				C744E42714B8A26D00078FBB /* Accelerate.framework */,
				C744E42514B8905A00078FBB /* AudioToolbox.framework */,
				C744E40014B851CB00078FBB /* AudioUnit.framework */,
				C744E3FE14B8502500078FBB /* CoreAudio.framework */,
				C744E3ED14B84CB400078FBB /* TranquilAudio-Info.plist */,
				C744E3EE14B84CB400078FBB /* InfoPlist.strings */,
				C744E3F114B84CB400078FBB /* TranquilAudio-Prefix.pch */,
			);
			path = "Supporting Files";
			sourceTree = "<group>";
		};
		C786047E14BA5C3B006ED999 /* Products */ = {
			isa = PBXGroup;
			children = (
				C786048514BA5C3C006ED999 /* libglmath.a */,
			);
			name = Products;
			sourceTree = "<group>";
		};
		C7E2EF1214B78D4C0000884E = {
			isa = PBXGroup;
			children = (
				C786047D14BA5C3B006ED999 /* GLMath.xcodeproj */,
				C7E2EF2714B78D4C0000884E /* Tranquil */,
				C744E3CA14B8464E00078FBB /* TranquilGraphics */,
				C744E3EB14B84CB400078FBB /* TranquilAudio */,
				C7E2EF2014B78D4C0000884E /* Frameworks */,
				C7E2EF1E14B78D4C0000884E /* Products */,
			);
			sourceTree = "<group>";
		};
		C7E2EF1E14B78D4C0000884E /* Products */ = {
			isa = PBXGroup;
			children = (
				C7E2EF1D14B78D4C0000884E /* Tranquil.app */,
				C744E3C814B8464E00078FBB /* TranquilGraphics.bundle */,
				C744E3E914B84CB400078FBB /* TranquilAudio.bundle */,
			);
			name = Products;
			sourceTree = "<group>";
		};
		C7E2EF2014B78D4C0000884E /* Frameworks */ = {
			isa = PBXGroup;
			children = (
				C701C3C314BAFAA600DD9C0C /* libluajit-5.1.a */,
				C74B3A9B14B80AA1006741C4 /* CoreVideo.framework */,
				C760C4F514B7AE1700451951 /* OpenGL.framework */,
				C7E2EF2114B78D4C0000884E /* Cocoa.framework */,
				C7E2EF2314B78D4C0000884E /* Other Frameworks */,
			);
			name = Frameworks;
			sourceTree = "<group>";
		};
		C7E2EF2314B78D4C0000884E /* Other Frameworks */ = {
			isa = PBXGroup;
			children = (
				C7E2EF2414B78D4C0000884E /* AppKit.framework */,
				C7E2EF2514B78D4C0000884E /* CoreData.framework */,
				C7E2EF2614B78D4C0000884E /* Foundation.framework */,
			);
			name = "Other Frameworks";
			sourceTree = "<group>";
		};
		C7E2EF2714B78D4C0000884E /* Tranquil */ = {
			isa = PBXGroup;
			children = (
				C744E3E414B84C9C00078FBB /* Audio */,
				C744E3D614B8466500078FBB /* Graphics */,
				C7E2EF9E14B78E010000884E /* Core */,
				C7E2EF3314B78D4C0000884E /* TAppDelegate.h */,
				C7E2EF3414B78D4D0000884E /* TAppDelegate.m */,
				C773FEBE14BC397A003338FE /* Shaders */,
				C744E39F14B8337D00078FBB /* Scripts */,
				C7E2EF3614B78D4D0000884E /* MainMenu.xib */,
				C7E2EF2814B78D4C0000884E /* Supporting Files */,
			);
			path = Tranquil;
			sourceTree = "<group>";
		};
		C7E2EF2814B78D4C0000884E /* Supporting Files */ = {
			isa = PBXGroup;
			children = (
				C701C3C714BBBF4000DD9C0C /* ExportedSymbols.exp */,
				C7E2EF2914B78D4C0000884E /* Tranquil-Info.plist */,
				C7E2EF2A14B78D4C0000884E /* InfoPlist.strings */,
				C7E2EF2D14B78D4C0000884E /* main.m */,
				C7E2EF2F14B78D4C0000884E /* Tranquil-Prefix.pch */,
				C7E2EF3014B78D4C0000884E /* Credits.rtf */,
			);
			name = "Supporting Files";
			sourceTree = "<group>";
		};
		C7E2EF9E14B78E010000884E /* Core */ = {
			isa = PBXGroup;
			children = (
				C773FEE714BFB0E3003338FE /* TShared.h */,
				C773FEE814BFB11D003338FE /* TShared.m */,
				C7E2EF9F14B78EC80000884E /* TMainWindowController.h */,
				C7E2EFA014B78EC80000884E /* TMainWindowController.m */,
				C7E2EFA214B78F7D0000884E /* TMainView.h */,
				C7E2EFA314B78F7D0000884E /* TMainView.m */,
				C773FED114BD440A003338FE /* TOpenGLLayer.h */,
				C773FED214BD440A003338FE /* TOpenGLLayer.m */,
				C7AA4F5A14B7BFF6008577CD /* TOverlayTextView.h */,
				C7AA4F5B14B7BFF6008577CD /* TOverlayTextView.m */,
				C74B3A9714B7E280006741C4 /* TScriptContext.h */,
				C74B3A9814B7E280006741C4 /* TScriptContext.m */,
				C744E3A114B834EF00078FBB /* TScene.h */,
				C744E3A214B834EF00078FBB /* TScene.m */,
				C773FEB814BC21D2003338FE /* TState.h */,
				C773FEB914BC21D2003338FE /* TState.m */,
				C773FEB514BC1F00003338FE /* TShader.h */,
				C773FEB614BC1F00003338FE /* TShader.m */,
				C773FEBB14BC27D7003338FE /* TLight.h */,
				C773FEBC14BC27D7003338FE /* TLight.m */,
				C773FED814BE7315003338FE /* TCamera.h */,
				C773FED914BE7316003338FE /* TCamera.m */,
				C744E3DA14B8468F00078FBB /* TPlugin.h */,
				C744E3E114B847AD00078FBB /* TPluginManager.h */,
				C744E3E214B847AD00078FBB /* TPluginManager.m */,
				C773FECC14BD11D6003338FE /* TGLErrorChecking.h */,
			);
			path = Core;
			sourceTree = "<group>";
		};
/* End PBXGroup section */

/* Begin PBXNativeTarget section */
		C744E3C714B8464E00078FBB /* TranquilGraphics */ = {
			isa = PBXNativeTarget;
			buildConfigurationList = C744E3D114B8464E00078FBB /* Build configuration list for PBXNativeTarget "TranquilGraphics" */;
			buildPhases = (
				C744E3C414B8464E00078FBB /* Sources */,
				C744E3C514B8464E00078FBB /* Frameworks */,
				C744E3C614B8464E00078FBB /* Resources */,
			);
			buildRules = (
			);
			dependencies = (
				C773FEFC14BFD438003338FE /* PBXTargetDependency */,
				C786048A14BA5C6C006ED999 /* PBXTargetDependency */,
			);
			name = TranquilGraphics;
			productName = TranquilGraphics;
			productReference = C744E3C814B8464E00078FBB /* TranquilGraphics.bundle */;
			productType = "com.apple.product-type.bundle";
		};
		C744E3E814B84CB400078FBB /* TranquilAudio */ = {
			isa = PBXNativeTarget;
			buildConfigurationList = C744E3F214B84CB400078FBB /* Build configuration list for PBXNativeTarget "TranquilAudio" */;
			buildPhases = (
				C744E3E514B84CB400078FBB /* Sources */,
				C744E3E614B84CB400078FBB /* Frameworks */,
				C744E3E714B84CB400078FBB /* Resources */,
			);
			buildRules = (
			);
			dependencies = (
				C773FF0414BFDDAE003338FE /* PBXTargetDependency */,
				C773FEFA14BFD435003338FE /* PBXTargetDependency */,
			);
			name = TranquilAudio;
			productName = TranquilAudio;
			productReference = C744E3E914B84CB400078FBB /* TranquilAudio.bundle */;
			productType = "com.apple.product-type.bundle";
		};
		C7E2EF1C14B78D4C0000884E /* Tranquil */ = {
			isa = PBXNativeTarget;
			buildConfigurationList = C7E2EF3B14B78D4D0000884E /* Build configuration list for PBXNativeTarget "Tranquil" */;
			buildPhases = (
				C7E2EF1914B78D4C0000884E /* Sources */,
				C7E2EF1A14B78D4C0000884E /* Frameworks */,
				C7E2EF1B14B78D4C0000884E /* Resources */,
				C7E2F0D714B798740000884E /* Copy Frameworks */,
			);
			buildRules = (
			);
			dependencies = (
				C786048714BA5C57006ED999 /* PBXTargetDependency */,
			);
			name = Tranquil;
			productName = Tranquil;
			productReference = C7E2EF1D14B78D4C0000884E /* Tranquil.app */;
			productType = "com.apple.product-type.application";
		};
/* End PBXNativeTarget section */

/* Begin PBXProject section */
		C7E2EF1414B78D4C0000884E /* Project object */ = {
			isa = PBXProject;
			attributes = {
				LastUpgradeCheck = 0420;
			};
			buildConfigurationList = C7E2EF1714B78D4C0000884E /* Build configuration list for PBXProject "Tranquil" */;
			compatibilityVersion = "Xcode 3.2";
			developmentRegion = English;
			hasScannedForEncodings = 0;
			knownRegions = (
				en,
			);
			mainGroup = C7E2EF1214B78D4C0000884E;
			productRefGroup = C7E2EF1E14B78D4C0000884E /* Products */;
			projectDirPath = "";
			projectReferences = (
				{
					ProductGroup = C786047E14BA5C3B006ED999 /* Products */;
					ProjectRef = C786047D14BA5C3B006ED999 /* GLMath.xcodeproj */;
				},
			);
			projectRoot = "";
			targets = (
				C7E2EF1C14B78D4C0000884E /* Tranquil */,
				C744E3E814B84CB400078FBB /* TranquilAudio */,
				C744E3C714B8464E00078FBB /* TranquilGraphics */,
				C701C3D614BBDA9F00DD9C0C /* App&Plugins */,
			);
		};
/* End PBXProject section */

/* Begin PBXReferenceProxy section */
		C786048514BA5C3C006ED999 /* libglmath.a */ = {
			isa = PBXReferenceProxy;
			fileType = archive.ar;
			path = libglmath.a;
			remoteRef = C786048414BA5C3C006ED999 /* PBXContainerItemProxy */;
			sourceTree = BUILT_PRODUCTS_DIR;
		};
/* End PBXReferenceProxy section */

/* Begin PBXResourcesBuildPhase section */
		C744E3C614B8464E00078FBB /* Resources */ = {
			isa = PBXResourcesBuildPhase;
			buildActionMask = 2147483647;
			files = (
				C744E3CF14B8464E00078FBB /* InfoPlist.strings in Resources */,
			);
			runOnlyForDeploymentPostprocessing = 0;
		};
		C744E3E714B84CB400078FBB /* Resources */ = {
			isa = PBXResourcesBuildPhase;
			buildActionMask = 2147483647;
			files = (
				C744E3F014B84CB400078FBB /* InfoPlist.strings in Resources */,
			);
			runOnlyForDeploymentPostprocessing = 0;
		};
		C7E2EF1B14B78D4C0000884E /* Resources */ = {
			isa = PBXResourcesBuildPhase;
			buildActionMask = 2147483647;
			files = (
				C7E2EF2C14B78D4C0000884E /* InfoPlist.strings in Resources */,
				C7E2EF3214B78D4C0000884E /* Credits.rtf in Resources */,
				C7E2EF3814B78D4D0000884E /* MainMenu.xib in Resources */,
				C744E3A014B8337D00078FBB /* Scripts in Resources */,
				C773FEC314BC39C7003338FE /* Shaders in Resources */,
			);
			runOnlyForDeploymentPostprocessing = 0;
		};
/* End PBXResourcesBuildPhase section */

/* Begin PBXSourcesBuildPhase section */
		C744E3C414B8464E00078FBB /* Sources */ = {
			isa = PBXSourcesBuildPhase;
			buildActionMask = 2147483647;
			files = (
				C744E3D914B8467200078FBB /* TGraphicsPlugin.m in Sources */,
				C773FEB014BC0EA3003338FE /* TPrimitive.m in Sources */,
				C773FEB414BC122D003338FE /* TCube.m in Sources */,
				C773FED714BD7C18003338FE /* TSphere.m in Sources */,
				C773FF0814BFE5D8003338FE /* TPlane.m in Sources */,
			);
			runOnlyForDeploymentPostprocessing = 0;
		};
		C744E3E514B84CB400078FBB /* Sources */ = {
			isa = PBXSourcesBuildPhase;
			buildActionMask = 2147483647;
			files = (
				C744E3F714B84CCD00078FBB /* TAudioPlugin.m in Sources */,
				C744E3FD14B84ECD00078FBB /* TAudioProcessor.m in Sources */,
			);
			runOnlyForDeploymentPostprocessing = 0;
		};
		C7E2EF1914B78D4C0000884E /* Sources */ = {
			isa = PBXSourcesBuildPhase;
			buildActionMask = 2147483647;
			files = (
				C7E2EF2E14B78D4C0000884E /* main.m in Sources */,
				C7E2EF3514B78D4D0000884E /* TAppDelegate.m in Sources */,
				C7E2EFA114B78EC80000884E /* TMainWindowController.m in Sources */,
				C7E2EFA414B78F7D0000884E /* TMainView.m in Sources */,
				C7AA4F5C14B7BFF6008577CD /* TOverlayTextView.m in Sources */,
				C74B3A9914B7E280006741C4 /* TScriptContext.m in Sources */,
				C744E3A314B834EF00078FBB /* TScene.m in Sources */,
				C744E3E314B847AE00078FBB /* TPluginManager.m in Sources */,
				C773FEB714BC1F00003338FE /* TShader.m in Sources */,
				C773FEBA14BC21D2003338FE /* TState.m in Sources */,
				C773FEBD14BC27D7003338FE /* TLight.m in Sources */,
				C773FED314BD440B003338FE /* TOpenGLLayer.m in Sources */,
				C773FEDA14BE7318003338FE /* TCamera.m in Sources */,
				C773FEE914BFB11D003338FE /* TShared.m in Sources */,
			);
			runOnlyForDeploymentPostprocessing = 0;
		};
/* End PBXSourcesBuildPhase section */

/* Begin PBXTargetDependency section */
		C701C3EA14BBDB7A00DD9C0C /* PBXTargetDependency */ = {
			isa = PBXTargetDependency;
			target = C7E2EF1C14B78D4C0000884E /* Tranquil */;
			targetProxy = C701C3E914BBDB7A00DD9C0C /* PBXContainerItemProxy */;
		};
		C773FEFA14BFD435003338FE /* PBXTargetDependency */ = {
			isa = PBXTargetDependency;
			target = C7E2EF1C14B78D4C0000884E /* Tranquil */;
			targetProxy = C773FEF914BFD435003338FE /* PBXContainerItemProxy */;
		};
		C773FEFC14BFD438003338FE /* PBXTargetDependency */ = {
			isa = PBXTargetDependency;
			target = C7E2EF1C14B78D4C0000884E /* Tranquil */;
			targetProxy = C773FEFB14BFD438003338FE /* PBXContainerItemProxy */;
		};
		C773FEFE14BFD445003338FE /* PBXTargetDependency */ = {
			isa = PBXTargetDependency;
			target = C744E3E814B84CB400078FBB /* TranquilAudio */;
			targetProxy = C773FEFD14BFD445003338FE /* PBXContainerItemProxy */;
		};
		C773FF0014BFD44A003338FE /* PBXTargetDependency */ = {
			isa = PBXTargetDependency;
			target = C744E3C714B8464E00078FBB /* TranquilGraphics */;
			targetProxy = C773FEFF14BFD44A003338FE /* PBXContainerItemProxy */;
		};
		C773FF0414BFDDAE003338FE /* PBXTargetDependency */ = {
			isa = PBXTargetDependency;
			name = glmath;
			targetProxy = C773FF0314BFDDAE003338FE /* PBXContainerItemProxy */;
		};
		C786048714BA5C57006ED999 /* PBXTargetDependency */ = {
			isa = PBXTargetDependency;
			name = glmath;
			targetProxy = C786048614BA5C57006ED999 /* PBXContainerItemProxy */;
		};
		C786048A14BA5C6C006ED999 /* PBXTargetDependency */ = {
			isa = PBXTargetDependency;
			name = glmath;
			targetProxy = C786048914BA5C6C006ED999 /* PBXContainerItemProxy */;
		};
/* End PBXTargetDependency section */

/* Begin PBXVariantGroup section */
		C744E3CD14B8464E00078FBB /* InfoPlist.strings */ = {
			isa = PBXVariantGroup;
			children = (
				C744E3CE14B8464E00078FBB /* en */,
			);
			name = InfoPlist.strings;
			sourceTree = "<group>";
		};
		C744E3EE14B84CB400078FBB /* InfoPlist.strings */ = {
			isa = PBXVariantGroup;
			children = (
				C744E3EF14B84CB400078FBB /* en */,
			);
			name = InfoPlist.strings;
			sourceTree = "<group>";
		};
		C7E2EF2A14B78D4C0000884E /* InfoPlist.strings */ = {
			isa = PBXVariantGroup;
			children = (
				C7E2EF2B14B78D4C0000884E /* en */,
			);
			name = InfoPlist.strings;
			sourceTree = "<group>";
		};
		C7E2EF3014B78D4C0000884E /* Credits.rtf */ = {
			isa = PBXVariantGroup;
			children = (
				C7E2EF3114B78D4C0000884E /* en */,
			);
			name = Credits.rtf;
			sourceTree = "<group>";
		};
		C7E2EF3614B78D4D0000884E /* MainMenu.xib */ = {
			isa = PBXVariantGroup;
			children = (
				C7E2EF3714B78D4D0000884E /* en */,
			);
			name = MainMenu.xib;
			sourceTree = "<group>";
		};
/* End PBXVariantGroup section */

/* Begin XCBuildConfiguration section */
		C701C3D814BBDA9F00DD9C0C /* Debug */ = {
			isa = XCBuildConfiguration;
			buildSettings = {
				PRODUCT_NAME = "$(TARGET_NAME)";
			};
			name = Debug;
		};
		C701C3D914BBDA9F00DD9C0C /* Release */ = {
			isa = XCBuildConfiguration;
			buildSettings = {
				PRODUCT_NAME = "$(TARGET_NAME)";
			};
			name = Release;
		};
		C744E3D214B8464E00078FBB /* Debug */ = {
			isa = XCBuildConfiguration;
			buildSettings = {
				BUNDLE_LOADER = "$(BUILT_PRODUCTS_DIR)/Tranquil.app/Contents/MacOS/Tranquil";
				GCC_PRECOMPILE_PREFIX_HEADER = YES;
				GCC_PREFIX_HEADER = "Tranquil/Plugins/Graphics/Supporting Files/TranquilGraphics-Prefix.pch";
				HEADER_SEARCH_PATHS = "$(inherited)";
				INFOPLIST_FILE = "Tranquil/Plugins/Graphics/Supporting Files/TranquilGraphics-Info.plist";
				INSTALL_PATH = "$(LOCAL_LIBRARY_DIR)/Bundles";
				LIBRARY_SEARCH_PATHS = (
					"$(inherited)",
					"\"/usr/local/Cellar/luajit/2.0.0-beta9/lib\"",
					"\"$(SRCROOT)/LuaJIT-2.0.0-beta9/build/lib\"",
				);
				PRODUCT_NAME = "$(TARGET_NAME)";
				WRAPPER_EXTENSION = bundle;
			};
			name = Debug;
		};
		C744E3D314B8464E00078FBB /* Release */ = {
			isa = XCBuildConfiguration;
			buildSettings = {
				BUNDLE_LOADER = "$(BUILT_PRODUCTS_DIR)/Tranquil.app/Contents/MacOS/Tranquil";
				GCC_PRECOMPILE_PREFIX_HEADER = YES;
				GCC_PREFIX_HEADER = "Tranquil/Plugins/Graphics/Supporting Files/TranquilGraphics-Prefix.pch";
				HEADER_SEARCH_PATHS = "$(inherited)";
				INFOPLIST_FILE = "Tranquil/Plugins/Graphics/Supporting Files/TranquilGraphics-Info.plist";
				INSTALL_PATH = "$(LOCAL_LIBRARY_DIR)/Bundles";
				LIBRARY_SEARCH_PATHS = (
					"$(inherited)",
					"\"/usr/local/Cellar/luajit/2.0.0-beta9/lib\"",
					"\"$(SRCROOT)/LuaJIT-2.0.0-beta9/build/lib\"",
				);
				PRODUCT_NAME = "$(TARGET_NAME)";
				WRAPPER_EXTENSION = bundle;
			};
			name = Release;
		};
		C744E3F314B84CB400078FBB /* Debug */ = {
			isa = XCBuildConfiguration;
			buildSettings = {
				BUNDLE_LOADER = "$(BUILT_PRODUCTS_DIR)/Tranquil.app/Contents/MacOS/Tranquil";
				GCC_PRECOMPILE_PREFIX_HEADER = YES;
				GCC_PREFIX_HEADER = "Tranquil/Plugins/Audio/Supporting Files/TranquilAudio-Prefix.pch";
				HEADER_SEARCH_PATHS = (
					"$(inherited)",
					PortAudio/include,
				);
				INFOPLIST_FILE = "Tranquil/Plugins/Audio/Supporting Files/TranquilAudio-Info.plist";
				INSTALL_PATH = "$(LOCAL_LIBRARY_DIR)/Bundles";
				LIBRARY_SEARCH_PATHS = (
					"$(inherited)",
					"\"$(SRCROOT)/PortAudio/lib\"",
					"\"/usr/local/Cellar/luajit/2.0.0-beta9/lib\"",
					"\"$(SRCROOT)/LuaJIT-2.0.0-beta9/build/lib\"",
				);
				OTHER_LDFLAGS = "";
				PRODUCT_NAME = "$(TARGET_NAME)";
				WRAPPER_EXTENSION = bundle;
			};
			name = Debug;
		};
		C744E3F414B84CB400078FBB /* Release */ = {
			isa = XCBuildConfiguration;
			buildSettings = {
				BUNDLE_LOADER = "$(BUILT_PRODUCTS_DIR)/Tranquil.app/Contents/MacOS/Tranquil";
				GCC_PRECOMPILE_PREFIX_HEADER = YES;
				GCC_PREFIX_HEADER = "Tranquil/Plugins/Audio/Supporting Files/TranquilAudio-Prefix.pch";
				HEADER_SEARCH_PATHS = (
					"$(inherited)",
					PortAudio/include,
				);
				INFOPLIST_FILE = "Tranquil/Plugins/Audio/Supporting Files/TranquilAudio-Info.plist";
				INSTALL_PATH = "$(LOCAL_LIBRARY_DIR)/Bundles";
				LIBRARY_SEARCH_PATHS = (
					"$(inherited)",
					"\"$(SRCROOT)/PortAudio/lib\"",
					"\"/usr/local/Cellar/luajit/2.0.0-beta9/lib\"",
					"\"$(SRCROOT)/LuaJIT-2.0.0-beta9/build/lib\"",
				);
				OTHER_LDFLAGS = "";
				PRODUCT_NAME = "$(TARGET_NAME)";
				WRAPPER_EXTENSION = bundle;
			};
			name = Release;
		};
		C7E2EF3914B78D4D0000884E /* Debug */ = {
			isa = XCBuildConfiguration;
			buildSettings = {
				ALWAYS_SEARCH_USER_PATHS = NO;
				ARCHS = "$(ARCHS_STANDARD_64_BIT)";
				COPY_PHASE_STRIP = NO;
				GCC_C_LANGUAGE_STANDARD = gnu99;
				GCC_DYNAMIC_NO_PIC = NO;
				GCC_ENABLE_OBJC_EXCEPTIONS = YES;
				GCC_OPTIMIZATION_LEVEL = 0;
				GCC_PREPROCESSOR_DEFINITIONS = (
					"DEBUG=1",
					"$(inherited)",
				);
				GCC_SYMBOLS_PRIVATE_EXTERN = NO;
				GCC_VERSION = com.apple.compilers.llvm.clang.1_0;
				GCC_WARN_64_TO_32_BIT_CONVERSION = YES;
				GCC_WARN_ABOUT_MISSING_PROTOTYPES = YES;
				GCC_WARN_ABOUT_RETURN_TYPE = YES;
				GCC_WARN_UNUSED_VARIABLE = YES;
				HEADER_SEARCH_PATHS = (
					"LuaJIT-2.0.0-beta9/build/include/luajit-2.0",
					GLMath,
				);
				MACOSX_DEPLOYMENT_TARGET = 10.7;
				ONLY_ACTIVE_ARCH = YES;
				SDKROOT = macosx;
			};
			name = Debug;
		};
		C7E2EF3A14B78D4D0000884E /* Release */ = {
			isa = XCBuildConfiguration;
			buildSettings = {
				ALWAYS_SEARCH_USER_PATHS = NO;
				ARCHS = "$(ARCHS_STANDARD_64_BIT)";
				COPY_PHASE_STRIP = YES;
				DEBUG_INFORMATION_FORMAT = "dwarf-with-dsym";
				GCC_C_LANGUAGE_STANDARD = gnu99;
				GCC_ENABLE_OBJC_EXCEPTIONS = YES;
				GCC_VERSION = com.apple.compilers.llvm.clang.1_0;
				GCC_WARN_64_TO_32_BIT_CONVERSION = YES;
				GCC_WARN_ABOUT_MISSING_PROTOTYPES = YES;
				GCC_WARN_ABOUT_RETURN_TYPE = YES;
				GCC_WARN_UNUSED_VARIABLE = YES;
				HEADER_SEARCH_PATHS = (
					"LuaJIT-2.0.0-beta9/build/include/luajit-2.0",
					GLMath,
				);
				MACOSX_DEPLOYMENT_TARGET = 10.7;
				SDKROOT = macosx;
			};
			name = Release;
		};
		C7E2EF3C14B78D4D0000884E /* Debug */ = {
			isa = XCBuildConfiguration;
			buildSettings = {
				EXPORTED_SYMBOLS_FILE = Tranquil/ExportedSymbols.exp;
				FRAMEWORK_SEARCH_PATHS = "$(BUILT_PRODUCTS_DIR)";
				GCC_PRECOMPILE_PREFIX_HEADER = YES;
				GCC_PREFIX_HEADER = "Tranquil/Tranquil-Prefix.pch";
				HEADER_SEARCH_PATHS = "$(inherited)";
				INFOPLIST_FILE = "Tranquil/Tranquil-Info.plist";
				LIBRARY_SEARCH_PATHS = (
					"$(inherited)",
					"\"/usr/local/Cellar/luajit/2.0.0-beta9/lib\"",
					"\"$(SRCROOT)/LuaJIT-2.0.0-beta9/build/lib\"",
				);
				OTHER_CFLAGS = "";
				OTHER_LDFLAGS = (
					"-pagezero_size",
					10000,
					"-image_base",
					100000000,
				);
				PRODUCT_NAME = "$(TARGET_NAME)";
				WRAPPER_EXTENSION = app;
			};
			name = Debug;
		};
		C7E2EF3D14B78D4D0000884E /* Release */ = {
			isa = XCBuildConfiguration;
			buildSettings = {
				EXPORTED_SYMBOLS_FILE = Tranquil/ExportedSymbols.exp;
				FRAMEWORK_SEARCH_PATHS = "$(BUILT_PRODUCTS_DIR)";
				GCC_PRECOMPILE_PREFIX_HEADER = YES;
				GCC_PREFIX_HEADER = "Tranquil/Tranquil-Prefix.pch";
				HEADER_SEARCH_PATHS = "$(inherited)";
				INFOPLIST_FILE = "Tranquil/Tranquil-Info.plist";
				LIBRARY_SEARCH_PATHS = (
					"$(inherited)",
					"\"/usr/local/Cellar/luajit/2.0.0-beta9/lib\"",
					"\"$(SRCROOT)/LuaJIT-2.0.0-beta9/build/lib\"",
				);
				OTHER_CFLAGS = "";
				OTHER_LDFLAGS = (
					"-pagezero_size",
					10000,
					"-image_base",
					100000000,
				);
				PRODUCT_NAME = "$(TARGET_NAME)";
				WRAPPER_EXTENSION = app;
			};
			name = Release;
		};
/* End XCBuildConfiguration section */

/* Begin XCConfigurationList section */
		C701C3D714BBDA9F00DD9C0C /* Build configuration list for PBXAggregateTarget "App&Plugins" */ = {
			isa = XCConfigurationList;
			buildConfigurations = (
				C701C3D814BBDA9F00DD9C0C /* Debug */,
				C701C3D914BBDA9F00DD9C0C /* Release */,
			);
			defaultConfigurationIsVisible = 0;
			defaultConfigurationName = Release;
		};
		C744E3D114B8464E00078FBB /* Build configuration list for PBXNativeTarget "TranquilGraphics" */ = {
			isa = XCConfigurationList;
			buildConfigurations = (
				C744E3D214B8464E00078FBB /* Debug */,
				C744E3D314B8464E00078FBB /* Release */,
			);
			defaultConfigurationIsVisible = 0;
			defaultConfigurationName = Release;
		};
		C744E3F214B84CB400078FBB /* Build configuration list for PBXNativeTarget "TranquilAudio" */ = {
			isa = XCConfigurationList;
			buildConfigurations = (
				C744E3F314B84CB400078FBB /* Debug */,
				C744E3F414B84CB400078FBB /* Release */,
			);
			defaultConfigurationIsVisible = 0;
			defaultConfigurationName = Release;
		};
		C7E2EF1714B78D4C0000884E /* Build configuration list for PBXProject "Tranquil" */ = {
			isa = XCConfigurationList;
			buildConfigurations = (
				C7E2EF3914B78D4D0000884E /* Debug */,
				C7E2EF3A14B78D4D0000884E /* Release */,
			);
			defaultConfigurationIsVisible = 0;
			defaultConfigurationName = Release;
		};
		C7E2EF3B14B78D4D0000884E /* Build configuration list for PBXNativeTarget "Tranquil" */ = {
			isa = XCConfigurationList;
			buildConfigurations = (
				C7E2EF3C14B78D4D0000884E /* Debug */,
				C7E2EF3D14B78D4D0000884E /* Release */,
			);
			defaultConfigurationIsVisible = 0;
			defaultConfigurationName = Release;
		};
/* End XCConfigurationList section */
	};
	rootObject = C7E2EF1414B78D4C0000884E /* Project object */;
}
