// !$*UTF8*$!
{
	archiveVersion = 1;
	classes = {
	};
	objectVersion = 46;
	objects = {

/* Begin PBXFileReference section */
		C7D46A15151F550600B28E23 /* COPYRIGHT */ = {isa = PBXFileReference; lastKnownFileType = text; path = COPYRIGHT; sourceTree = "<group>"; };
		C7D46A16151F550600B28E23 /* doc */ = {isa = PBXFileReference; lastKnownFileType = folder; path = doc; sourceTree = "<group>"; };
		C7D46A17151F550600B28E23 /* dynasm */ = {isa = PBXFileReference; lastKnownFileType = folder; path = dynasm; sourceTree = "<group>"; };
		C7D46A18151F550600B28E23 /* etc */ = {isa = PBXFileReference; lastKnownFileType = folder; path = etc; sourceTree = "<group>"; };
		C7D46A19151F550600B28E23 /* lib */ = {isa = PBXFileReference; lastKnownFileType = folder; path = lib; sourceTree = "<group>"; };
		C7D46A1A151F550600B28E23 /* Makefile */ = {isa = PBXFileReference; lastKnownFileType = sourcecode.make; path = Makefile; sourceTree = "<group>"; };
		C7D46A1B151F550600B28E23 /* README */ = {isa = PBXFileReference; lastKnownFileType = text; path = README; sourceTree = "<group>"; };
		C7D46A1C151F550600B28E23 /* src */ = {isa = PBXFileReference; lastKnownFileType = folder; path = src; sourceTree = "<group>"; };
/* End PBXFileReference section */

/* Begin PBXGroup section */
		C7D46A0D151F550600B28E23 = {
			isa = PBXGroup;
			children = (
				C7D46A15151F550600B28E23 /* COPYRIGHT */,
				C7D46A16151F550600B28E23 /* doc */,
				C7D46A17151F550600B28E23 /* dynasm */,
				C7D46A18151F550600B28E23 /* etc */,
				C7D46A19151F550600B28E23 /* lib */,
				C7D46A1A151F550600B28E23 /* Makefile */,
				C7D46A1B151F550600B28E23 /* README */,
				C7D46A1C151F550600B28E23 /* src */,
			);
			sourceTree = "<group>";
		};
/* End PBXGroup section */

/* Begin PBXLegacyTarget section */
		C7D46A14151F550600B28E23 /* LuaJIT-2.0.0-beta9 */ = {
			isa = PBXLegacyTarget;
			buildArgumentsString = "$(ACTION)";
			buildConfigurationList = C7D46A1D151F550600B28E23 /* Build configuration list for PBXLegacyTarget "LuaJIT-2.0.0-beta9" */;
			buildPhases = (
			);
			buildToolPath = /usr/bin/make;
			buildWorkingDirectory = "/Users/fyolnish/Dropbox/Development/Mac/Tranquil/LuaJIT-2.0.0-beta9";
			dependencies = (
			);
			name = "LuaJIT-2.0.0-beta9";
			passBuildSettingsInEnvironment = 1;
			productName = "LuaJIT-2.0.0-beta9";
		};
/* End PBXLegacyTarget section */

/* Begin PBXProject section */
		C7D46A0F151F550600B28E23 /* Project object */ = {
			isa = PBXProject;
			buildConfigurationList = C7D46A12151F550600B28E23 /* Build configuration list for PBXProject "LuaJIT-2.0.0-beta9" */;
			compatibilityVersion = "Xcode 3.2";
			developmentRegion = English;
			hasScannedForEncodings = 0;
			knownRegions = (
				en,
			);
			mainGroup = C7D46A0D151F550600B28E23;
			projectDirPath = "";
			projectRoot = "";
			targets = (
				C7D46A14151F550600B28E23 /* LuaJIT-2.0.0-beta9 */,
			);
		};
/* End PBXProject section */

/* Begin XCBuildConfiguration section */
		C7D46A10151F550600B28E23 /* Debug */ = {
			isa = XCBuildConfiguration;
			buildSettings = {
				ARCHS = "$(ARCHS_STANDARD_32_BIT)";
				COPY_PHASE_STRIP = NO;
				GCC_WARN_ABOUT_RETURN_TYPE = YES;
				GCC_WARN_UNUSED_VARIABLE = YES;
				ONLY_ACTIVE_ARCH = YES;
				SDKROOT = macosx10.6;
			};
			name = Debug;
		};
		C7D46A11151F550600B28E23 /* Release */ = {
			isa = XCBuildConfiguration;
			buildSettings = {
				ARCHS = "$(ARCHS_STANDARD_32_BIT)";
				COPY_PHASE_STRIP = YES;
				GCC_WARN_ABOUT_RETURN_TYPE = YES;
				GCC_WARN_UNUSED_VARIABLE = YES;
				SDKROOT = macosx10.6;
			};
			name = Release;
		};
		C7D46A1E151F550600B28E23 /* Debug */ = {
			isa = XCBuildConfiguration;
			buildSettings = {
				BUILDMODE = static;
				COPY_PHASE_STRIP = NO;
				DEBUGGING_SYMBOLS = YES;
				GCC_DYNAMIC_NO_PIC = NO;
				GCC_ENABLE_FIX_AND_CONTINUE = YES;
				GCC_GENERATE_DEBUGGING_SYMBOLS = YES;
				GCC_OPTIMIZATION_LEVEL = 0;
				OTHER_CFLAGS = "";
				OTHER_LDFLAGS = "";
				PRODUCT_NAME = "LuaJIT-2.0.0-beta9";
			};
			name = Debug;
		};
		C7D46A1F151F550600B28E23 /* Release */ = {
			isa = XCBuildConfiguration;
			buildSettings = {
				BUILDMODE = static;
				COPY_PHASE_STRIP = YES;
				DEBUG_INFORMATION_FORMAT = "dwarf-with-dsym";
				GCC_ENABLE_FIX_AND_CONTINUE = NO;
				OTHER_CFLAGS = "";
				OTHER_LDFLAGS = "";
				PRODUCT_NAME = "LuaJIT-2.0.0-beta9";
			};
			name = Release;
		};
/* End XCBuildConfiguration section */

/* Begin XCConfigurationList section */
		C7D46A12151F550600B28E23 /* Build configuration list for PBXProject "LuaJIT-2.0.0-beta9" */ = {
			isa = XCConfigurationList;
			buildConfigurations = (
				C7D46A10151F550600B28E23 /* Debug */,
				C7D46A11151F550600B28E23 /* Release */,
			);
			defaultConfigurationIsVisible = 0;
			defaultConfigurationName = Release;
		};
		C7D46A1D151F550600B28E23 /* Build configuration list for PBXLegacyTarget "LuaJIT-2.0.0-beta9" */ = {
			isa = XCConfigurationList;
			buildConfigurations = (
				C7D46A1E151F550600B28E23 /* Debug */,
				C7D46A1F151F550600B28E23 /* Release */,
			);
			defaultConfigurationIsVisible = 0;
			defaultConfigurationName = Release;
		};
/* End XCConfigurationList section */
	};
	rootObject = C7D46A0F151F550600B28E23 /* Project object */;
}
